// !$*UTF8*$!
{
	archiveVersion = 1;
	classes = {
	};
	objectVersion = 46;
	objects = {

/* Begin PBXAggregateTarget section */
		"highway::highwayPackageTests::ProductTarget" /* highwayPackageTests */ = {
			isa = PBXAggregateTarget;
			buildConfigurationList = OBJ_352 /* Build configuration list for PBXAggregateTarget "highwayPackageTests" */;
			buildPhases = (
			);
			dependencies = (
				OBJ_355 /* PBXTargetDependency */,
				OBJ_356 /* PBXTargetDependency */,
				OBJ_357 /* PBXTargetDependency */,
				OBJ_358 /* PBXTargetDependency */,
			);
			name = highwayPackageTests;
			productName = highwayPackageTests;
		};
/* End PBXAggregateTarget section */

/* Begin PBXBuildFile section */
		OBJ_154 /* Package.swift in Sources */ = {isa = PBXBuildFile; fileRef = OBJ_6 /* Package.swift */; };
		OBJ_160 /* HighwayBundleCreatorTests.swift in Sources */ = {isa = PBXBuildFile; fileRef = OBJ_131 /* HighwayBundleCreatorTests.swift */; };
		OBJ_161 /* HomeBundleTests.swift in Sources */ = {isa = PBXBuildFile; fileRef = OBJ_132 /* HomeBundleTests.swift */; };
		OBJ_162 /* SwiftBuildSystem_HighwayBundleTests.swift in Sources */ = {isa = PBXBuildFile; fileRef = OBJ_133 /* SwiftBuildSystem_HighwayBundleTests.swift */; };
		OBJ_164 /* TestKit.framework in Frameworks */ = {isa = PBXBuildFile; fileRef = "highway::TestKit::Product" /* TestKit.framework */; };
		OBJ_165 /* HWKit.framework in Frameworks */ = {isa = PBXBuildFile; fileRef = "highway::HWKit::Product" /* HWKit.framework */; };
		OBJ_166 /* HighwayCore.framework in Frameworks */ = {isa = PBXBuildFile; fileRef = "highway::HighwayCore::Product" /* HighwayCore.framework */; };
		OBJ_167 /* FSKit.framework in Frameworks */ = {isa = PBXBuildFile; fileRef = "highway::FSKit::Product" /* FSKit.framework */; };
		OBJ_168 /* Terminal.framework in Frameworks */ = {isa = PBXBuildFile; fileRef = "highway::Terminal::Product" /* Terminal.framework */; };
		OBJ_184 /* TerminalTests.swift in Sources */ = {isa = PBXBuildFile; fileRef = OBJ_129 /* TerminalTests.swift */; };
		OBJ_186 /* Terminal.framework in Frameworks */ = {isa = PBXBuildFile; fileRef = "highway::Terminal::Product" /* Terminal.framework */; };
		OBJ_193 /* GitAutotagTests.swift in Sources */ = {isa = PBXBuildFile; fileRef = OBJ_116 /* GitAutotagTests.swift */; };
		OBJ_194 /* GitToolTests.swift in Sources */ = {isa = PBXBuildFile; fileRef = OBJ_117 /* GitToolTests.swift */; };
		OBJ_195 /* HighwayBundleTests.swift in Sources */ = {isa = PBXBuildFile; fileRef = OBJ_118 /* HighwayBundleTests.swift */; };
		OBJ_196 /* HighwaysTests.swift in Sources */ = {isa = PBXBuildFile; fileRef = OBJ_119 /* HighwaysTests.swift */; };
		OBJ_197 /* FileHandle+Convenience.swift in Sources */ = {isa = PBXBuildFile; fileRef = OBJ_121 /* FileHandle+Convenience.swift */; };
		OBJ_198 /* SwiftBuildSystemTests.swift in Sources */ = {isa = PBXBuildFile; fileRef = OBJ_122 /* SwiftBuildSystemTests.swift */; };
		OBJ_199 /* TaskExecutorSystemTests.swift in Sources */ = {isa = PBXBuildFile; fileRef = OBJ_123 /* TaskExecutorSystemTests.swift */; };
		OBJ_200 /* TaskTests.swift in Sources */ = {isa = PBXBuildFile; fileRef = OBJ_124 /* TaskTests.swift */; };
		OBJ_201 /* XCBuildSystemTests.swift in Sources */ = {isa = PBXBuildFile; fileRef = OBJ_125 /* XCBuildSystemTests.swift */; };
		OBJ_202 /* XcodebuildTests.swift in Sources */ = {isa = PBXBuildFile; fileRef = OBJ_126 /* XcodebuildTests.swift */; };
		OBJ_203 /* test.swift in Sources */ = {isa = PBXBuildFile; fileRef = OBJ_127 /* test.swift */; };
		OBJ_205 /* TestKit.framework in Frameworks */ = {isa = PBXBuildFile; fileRef = "highway::TestKit::Product" /* TestKit.framework */; };
		OBJ_206 /* HighwayCore.framework in Frameworks */ = {isa = PBXBuildFile; fileRef = "highway::HighwayCore::Product" /* HighwayCore.framework */; };
		OBJ_207 /* FSKit.framework in Frameworks */ = {isa = PBXBuildFile; fileRef = "highway::FSKit::Product" /* FSKit.framework */; };
		OBJ_208 /* Terminal.framework in Frameworks */ = {isa = PBXBuildFile; fileRef = "highway::Terminal::Product" /* Terminal.framework */; };
		OBJ_217 /* ContextMock.swift in Sources */ = {isa = PBXBuildFile; fileRef = OBJ_103 /* ContextMock.swift */; };
		OBJ_218 /* Data+Convenience.swift in Sources */ = {isa = PBXBuildFile; fileRef = OBJ_104 /* Data+Convenience.swift */; };
		OBJ_219 /* ExecutorMock.swift in Sources */ = {isa = PBXBuildFile; fileRef = OBJ_105 /* ExecutorMock.swift */; };
		OBJ_221 /* HighwayCore.framework in Frameworks */ = {isa = PBXBuildFile; fileRef = "highway::HighwayCore::Product" /* HighwayCore.framework */; };
		OBJ_222 /* FSKit.framework in Frameworks */ = {isa = PBXBuildFile; fileRef = "highway::FSKit::Product" /* FSKit.framework */; };
		OBJ_223 /* Terminal.framework in Frameworks */ = {isa = PBXBuildFile; fileRef = "highway::Terminal::Product" /* Terminal.framework */; };
		OBJ_232 /* AbsoluteURLTests.swift in Sources */ = {isa = PBXBuildFile; fileRef = OBJ_108 /* AbsoluteURLTests.swift */; };
		OBJ_233 /* AnchoredFileSystemTests.swift in Sources */ = {isa = PBXBuildFile; fileRef = OBJ_109 /* AnchoredFileSystemTests.swift */; };
		OBJ_234 /* FileSystemTest.swift in Sources */ = {isa = PBXBuildFile; fileRef = OBJ_110 /* FileSystemTest.swift */; };
		OBJ_235 /* InMemoryFileSystemTests.swift in Sources */ = {isa = PBXBuildFile; fileRef = OBJ_111 /* InMemoryFileSystemTests.swift */; };
		OBJ_236 /* LocalFileSystemTests.swift in Sources */ = {isa = PBXBuildFile; fileRef = OBJ_112 /* LocalFileSystemTests.swift */; };
		OBJ_237 /* RelativePathTests.swift in Sources */ = {isa = PBXBuildFile; fileRef = OBJ_113 /* RelativePathTests.swift */; };
		OBJ_239 /* FSKit.framework in Frameworks */ = {isa = PBXBuildFile; fileRef = "highway::FSKit::Product" /* FSKit.framework */; };
		OBJ_246 /* App.swift in Sources */ = {isa = PBXBuildFile; fileRef = OBJ_97 /* App.swift */; };
		OBJ_247 /* AppHighway.swift in Sources */ = {isa = PBXBuildFile; fileRef = OBJ_98 /* AppHighway.swift */; };
		OBJ_248 /* CurrentVersion.swift in Sources */ = {isa = PBXBuildFile; fileRef = OBJ_99 /* CurrentVersion.swift */; };
		OBJ_249 /* PrivateHighway.swift in Sources */ = {isa = PBXBuildFile; fileRef = OBJ_100 /* PrivateHighway.swift */; };
		OBJ_250 /* main.swift in Sources */ = {isa = PBXBuildFile; fileRef = OBJ_101 /* main.swift */; };
		OBJ_252 /* HWKit.framework in Frameworks */ = {isa = PBXBuildFile; fileRef = "highway::HWKit::Product" /* HWKit.framework */; };
		OBJ_253 /* HighwayCore.framework in Frameworks */ = {isa = PBXBuildFile; fileRef = "highway::HighwayCore::Product" /* HighwayCore.framework */; };
		OBJ_254 /* FSKit.framework in Frameworks */ = {isa = PBXBuildFile; fileRef = "highway::FSKit::Product" /* FSKit.framework */; };
		OBJ_255 /* Terminal.framework in Frameworks */ = {isa = PBXBuildFile; fileRef = "highway::Terminal::Product" /* Terminal.framework */; };
		OBJ_264 /* HomeBundle.swift in Sources */ = {isa = PBXBuildFile; fileRef = OBJ_76 /* HomeBundle.swift */; };
		OBJ_265 /* HomeBundleCreator.swift in Sources */ = {isa = PBXBuildFile; fileRef = OBJ_77 /* HomeBundleCreator.swift */; };
		OBJ_266 /* Bootstraper.swift in Sources */ = {isa = PBXBuildFile; fileRef = OBJ_79 /* Bootstraper.swift */; };
		OBJ_267 /* BundleCleaner.swift in Sources */ = {isa = PBXBuildFile; fileRef = OBJ_80 /* BundleCleaner.swift */; };
		OBJ_268 /* CompileAndRun.swift in Sources */ = {isa = PBXBuildFile; fileRef = OBJ_81 /* CompileAndRun.swift */; };
		OBJ_269 /* HomeBundleUpdater.swift in Sources */ = {isa = PBXBuildFile; fileRef = OBJ_82 /* HomeBundleUpdater.swift */; };
		OBJ_270 /* HighwayBundleCreator.swift in Sources */ = {isa = PBXBuildFile; fileRef = OBJ_84 /* HighwayBundleCreator.swift */; };
		OBJ_271 /* InitCommand.swift in Sources */ = {isa = PBXBuildFile; fileRef = OBJ_85 /* InitCommand.swift */; };
		OBJ_272 /* SelfUpdater.swift in Sources */ = {isa = PBXBuildFile; fileRef = OBJ_86 /* SelfUpdater.swift */; };
		OBJ_273 /* SwiftBuildSystem-Bundle.swift in Sources */ = {isa = PBXBuildFile; fileRef = OBJ_87 /* SwiftBuildSystem-Bundle.swift */; };
		OBJ_274 /* XCProjectGenerator.swift in Sources */ = {isa = PBXBuildFile; fileRef = OBJ_88 /* XCProjectGenerator.swift */; };
		OBJ_275 /* HighwayGoTool.swift in Sources */ = {isa = PBXBuildFile; fileRef = OBJ_90 /* HighwayGoTool.swift */; };
		OBJ_276 /* gitignore_template.swift in Sources */ = {isa = PBXBuildFile; fileRef = OBJ_92 /* gitignore_template.swift */; };
		OBJ_277 /* main_swift_template.swift in Sources */ = {isa = PBXBuildFile; fileRef = OBJ_93 /* main_swift_template.swift */; };
		OBJ_278 /* package_swift_template.swift in Sources */ = {isa = PBXBuildFile; fileRef = OBJ_94 /* package_swift_template.swift */; };
		OBJ_279 /* xcconfig_template.swift in Sources */ = {isa = PBXBuildFile; fileRef = OBJ_95 /* xcconfig_template.swift */; };
		OBJ_281 /* HighwayCore.framework in Frameworks */ = {isa = PBXBuildFile; fileRef = "highway::HighwayCore::Product" /* HighwayCore.framework */; };
		OBJ_282 /* FSKit.framework in Frameworks */ = {isa = PBXBuildFile; fileRef = "highway::FSKit::Product" /* FSKit.framework */; };
		OBJ_283 /* Terminal.framework in Frameworks */ = {isa = PBXBuildFile; fileRef = "highway::Terminal::Product" /* Terminal.framework */; };
		OBJ_291 /* HighwayBundleConfiguration.swift in Sources */ = {isa = PBXBuildFile; fileRef = OBJ_40 /* HighwayBundleConfiguration.swift */; };
		OBJ_292 /* Context+Convenience.swift in Sources */ = {isa = PBXBuildFile; fileRef = OBJ_42 /* Context+Convenience.swift */; };
		OBJ_293 /* Context.swift in Sources */ = {isa = PBXBuildFile; fileRef = OBJ_43 /* Context.swift */; };
		OBJ_294 /* Fastlane.swift in Sources */ = {isa = PBXBuildFile; fileRef = OBJ_45 /* Fastlane.swift */; };
		OBJ_295 /* GitAutotag.swift in Sources */ = {isa = PBXBuildFile; fileRef = OBJ_47 /* GitAutotag.swift */; };
		OBJ_296 /* GitTool.swift in Sources */ = {isa = PBXBuildFile; fileRef = OBJ_48 /* GitTool.swift */; };
		OBJ_297 /* Keychain.swift in Sources */ = {isa = PBXBuildFile; fileRef = OBJ_49 /* Keychain.swift */; };
		OBJ_298 /* SwiftBuildSystem.swift in Sources */ = {isa = PBXBuildFile; fileRef = OBJ_51 /* SwiftBuildSystem.swift */; };
		OBJ_299 /* SwiftOptions.swift in Sources */ = {isa = PBXBuildFile; fileRef = OBJ_52 /* SwiftOptions.swift */; };
		OBJ_300 /* SwiftPackageTool.swift in Sources */ = {isa = PBXBuildFile; fileRef = OBJ_53 /* SwiftPackageTool.swift */; };
		OBJ_301 /* XCBuildSystem.swift in Sources */ = {isa = PBXBuildFile; fileRef = OBJ_55 /* XCBuildSystem.swift */; };
		OBJ_302 /* Xcodebuild.swift in Sources */ = {isa = PBXBuildFile; fileRef = OBJ_56 /* Xcodebuild.swift */; };
		OBJ_303 /* PosixConvenience.swift in Sources */ = {isa = PBXBuildFile; fileRef = OBJ_58 /* PosixConvenience.swift */; };
		OBJ_304 /* Result.swift in Sources */ = {isa = PBXBuildFile; fileRef = OBJ_59 /* Result.swift */; };
		OBJ_305 /* String+Convenience.swift in Sources */ = {isa = PBXBuildFile; fileRef = OBJ_60 /* String+Convenience.swift */; };
		OBJ_306 /* Highway.swift in Sources */ = {isa = PBXBuildFile; fileRef = OBJ_62 /* Highway.swift */; };
		OBJ_307 /* HighwayInvocation.swift in Sources */ = {isa = PBXBuildFile; fileRef = OBJ_63 /* HighwayInvocation.swift */; };
		OBJ_308 /* Highways.swift in Sources */ = {isa = PBXBuildFile; fileRef = OBJ_64 /* Highways.swift */; };
		OBJ_309 /* ManagedHighway.swift in Sources */ = {isa = PBXBuildFile; fileRef = OBJ_65 /* ManagedHighway.swift */; };
		OBJ_310 /* PrivateHighway.swift in Sources */ = {isa = PBXBuildFile; fileRef = OBJ_66 /* PrivateHighway.swift */; };
		OBJ_311 /* RawHighway.swift in Sources */ = {isa = PBXBuildFile; fileRef = OBJ_67 /* RawHighway.swift */; };
		OBJ_312 /* ExecutableFinder.swift in Sources */ = {isa = PBXBuildFile; fileRef = OBJ_69 /* ExecutableFinder.swift */; };
		OBJ_313 /* SystemExecutor.swift in Sources */ = {isa = PBXBuildFile; fileRef = OBJ_70 /* SystemExecutor.swift */; };
		OBJ_314 /* Task.swift in Sources */ = {isa = PBXBuildFile; fileRef = OBJ_71 /* Task.swift */; };
		OBJ_315 /* TaskExecutor.swift in Sources */ = {isa = PBXBuildFile; fileRef = OBJ_72 /* TaskExecutor.swift */; };
		OBJ_317 /* FSKit.framework in Frameworks */ = {isa = PBXBuildFile; fileRef = "highway::FSKit::Product" /* FSKit.framework */; };
		OBJ_318 /* Terminal.framework in Frameworks */ = {isa = PBXBuildFile; fileRef = "highway::Terminal::Product" /* Terminal.framework */; };
		OBJ_325 /* FileSystem.swift in Sources */ = {isa = PBXBuildFile; fileRef = OBJ_25 /* FileSystem.swift */; };
		OBJ_326 /* String+Error.swift in Sources */ = {isa = PBXBuildFile; fileRef = OBJ_27 /* String+Error.swift */; };
		OBJ_327 /* AnchoredFileSystem.swift in Sources */ = {isa = PBXBuildFile; fileRef = OBJ_29 /* AnchoredFileSystem.swift */; };
		OBJ_328 /* InMemoryFileSystem.swift in Sources */ = {isa = PBXBuildFile; fileRef = OBJ_30 /* InMemoryFileSystem.swift */; };
		OBJ_329 /* LocalFileSystem.swift in Sources */ = {isa = PBXBuildFile; fileRef = OBJ_31 /* LocalFileSystem.swift */; };
		OBJ_330 /* AbsoluteUrl.swift in Sources */ = {isa = PBXBuildFile; fileRef = OBJ_33 /* AbsoluteUrl.swift */; };
		OBJ_331 /* Directory.swift in Sources */ = {isa = PBXBuildFile; fileRef = OBJ_34 /* Directory.swift */; };
		OBJ_332 /* FSError.swift in Sources */ = {isa = PBXBuildFile; fileRef = OBJ_35 /* FSError.swift */; };
		OBJ_333 /* File.swift in Sources */ = {isa = PBXBuildFile; fileRef = OBJ_36 /* File.swift */; };
		OBJ_334 /* RelativePath.swift in Sources */ = {isa = PBXBuildFile; fileRef = OBJ_37 /* RelativePath.swift */; };
		OBJ_340 /* FileStream.swift in Sources */ = {isa = PBXBuildFile; fileRef = OBJ_11 /* FileStream.swift */; };
		OBJ_341 /* Printable.swift in Sources */ = {isa = PBXBuildFile; fileRef = OBJ_13 /* Printable.swift */; };
		OBJ_342 /* Line.swift in Sources */ = {isa = PBXBuildFile; fileRef = OBJ_15 /* Line.swift */; };
		OBJ_343 /* List.swift in Sources */ = {isa = PBXBuildFile; fileRef = OBJ_16 /* List.swift */; };
		OBJ_344 /* Prompt.swift in Sources */ = {isa = PBXBuildFile; fileRef = OBJ_17 /* Prompt.swift */; };
		OBJ_345 /* String+Convenience.swift in Sources */ = {isa = PBXBuildFile; fileRef = OBJ_18 /* String+Convenience.swift */; };
		OBJ_346 /* Terminal.swift in Sources */ = {isa = PBXBuildFile; fileRef = OBJ_19 /* Terminal.swift */; };
		OBJ_347 /* Color.swift in Sources */ = {isa = PBXBuildFile; fileRef = OBJ_21 /* Color.swift */; };
		OBJ_348 /* SubText.swift in Sources */ = {isa = PBXBuildFile; fileRef = OBJ_22 /* SubText.swift */; };
		OBJ_349 /* Text.swift in Sources */ = {isa = PBXBuildFile; fileRef = OBJ_23 /* Text.swift */; };
/* End PBXBuildFile section */

/* Begin PBXContainerItemProxy section */
		B17702471F82DA7A00E3DAFB /* PBXContainerItemProxy */ = {
			isa = PBXContainerItemProxy;
			containerPortal = OBJ_1 /* Project object */;
			proxyType = 1;
			remoteGlobalIDString = "highway::FSKitTests";
			remoteInfo = FSKitTests;
		};
		B17702481F82DA7A00E3DAFB /* PBXContainerItemProxy */ = {
			isa = PBXContainerItemProxy;
			containerPortal = OBJ_1 /* Project object */;
			proxyType = 1;
			remoteGlobalIDString = "highway::FSKit";
			remoteInfo = FSKit;
		};
		B17702491F82DA7A00E3DAFB /* PBXContainerItemProxy */ = {
			isa = PBXContainerItemProxy;
			containerPortal = OBJ_1 /* Project object */;
			proxyType = 1;
			remoteGlobalIDString = "highway::HighwayCoreTests";
			remoteInfo = HighwayCoreTests;
		};
		B177024A1F82DA7A00E3DAFB /* PBXContainerItemProxy */ = {
			isa = PBXContainerItemProxy;
			containerPortal = OBJ_1 /* Project object */;
			proxyType = 1;
			remoteGlobalIDString = "highway::TestKit";
			remoteInfo = TestKit;
		};
		B177024B1F82DA7A00E3DAFB /* PBXContainerItemProxy */ = {
			isa = PBXContainerItemProxy;
			containerPortal = OBJ_1 /* Project object */;
			proxyType = 1;
			remoteGlobalIDString = "highway::HighwayCore";
			remoteInfo = HighwayCore;
		};
		B177024C1F82DA7A00E3DAFB /* PBXContainerItemProxy */ = {
			isa = PBXContainerItemProxy;
			containerPortal = OBJ_1 /* Project object */;
			proxyType = 1;
			remoteGlobalIDString = "highway::FSKit";
			remoteInfo = FSKit;
		};
		B177024D1F82DA7A00E3DAFB /* PBXContainerItemProxy */ = {
			isa = PBXContainerItemProxy;
			containerPortal = OBJ_1 /* Project object */;
			proxyType = 1;
			remoteGlobalIDString = "highway::Terminal";
			remoteInfo = Terminal;
		};
		B177024E1F82DA7A00E3DAFB /* PBXContainerItemProxy */ = {
			isa = PBXContainerItemProxy;
			containerPortal = OBJ_1 /* Project object */;
			proxyType = 1;
			remoteGlobalIDString = "highway::FSKit";
			remoteInfo = FSKit;
		};
		B177024F1F82DA7A00E3DAFB /* PBXContainerItemProxy */ = {
			isa = PBXContainerItemProxy;
			containerPortal = OBJ_1 /* Project object */;
			proxyType = 1;
			remoteGlobalIDString = "highway::Terminal";
			remoteInfo = Terminal;
		};
		B17702501F82DA7A00E3DAFB /* PBXContainerItemProxy */ = {
			isa = PBXContainerItemProxy;
			containerPortal = OBJ_1 /* Project object */;
			proxyType = 1;
			remoteGlobalIDString = "highway::HighwayCore";
			remoteInfo = HighwayCore;
		};
		B17702511F82DA7A00E3DAFB /* PBXContainerItemProxy */ = {
			isa = PBXContainerItemProxy;
			containerPortal = OBJ_1 /* Project object */;
			proxyType = 1;
			remoteGlobalIDString = "highway::FSKit";
			remoteInfo = FSKit;
		};
		B17702521F82DA7A00E3DAFB /* PBXContainerItemProxy */ = {
			isa = PBXContainerItemProxy;
			containerPortal = OBJ_1 /* Project object */;
			proxyType = 1;
			remoteGlobalIDString = "highway::Terminal";
			remoteInfo = Terminal;
		};
		B17702531F82DA7A00E3DAFB /* PBXContainerItemProxy */ = {
			isa = PBXContainerItemProxy;
			containerPortal = OBJ_1 /* Project object */;
			proxyType = 1;
			remoteGlobalIDString = "highway::TerminalTests";
			remoteInfo = TerminalTests;
		};
		B17702541F82DA7A00E3DAFB /* PBXContainerItemProxy */ = {
			isa = PBXContainerItemProxy;
			containerPortal = OBJ_1 /* Project object */;
			proxyType = 1;
			remoteGlobalIDString = "highway::Terminal";
			remoteInfo = Terminal;
		};
		B17702551F82DA7A00E3DAFB /* PBXContainerItemProxy */ = {
			isa = PBXContainerItemProxy;
			containerPortal = OBJ_1 /* Project object */;
			proxyType = 1;
			remoteGlobalIDString = "highway::HWKitTests";
			remoteInfo = HWKitTests;
		};
		B17702561F82DA7A00E3DAFB /* PBXContainerItemProxy */ = {
			isa = PBXContainerItemProxy;
			containerPortal = OBJ_1 /* Project object */;
			proxyType = 1;
			remoteGlobalIDString = "highway::TestKit";
			remoteInfo = TestKit;
		};
		B17702571F82DA7A00E3DAFB /* PBXContainerItemProxy */ = {
			isa = PBXContainerItemProxy;
			containerPortal = OBJ_1 /* Project object */;
			proxyType = 1;
			remoteGlobalIDString = "highway::HWKit";
			remoteInfo = HWKit;
		};
		B17702581F82DA7A00E3DAFB /* PBXContainerItemProxy */ = {
			isa = PBXContainerItemProxy;
			containerPortal = OBJ_1 /* Project object */;
			proxyType = 1;
			remoteGlobalIDString = "highway::HighwayCore";
			remoteInfo = HighwayCore;
		};
		B17702591F82DA7A00E3DAFB /* PBXContainerItemProxy */ = {
			isa = PBXContainerItemProxy;
			containerPortal = OBJ_1 /* Project object */;
			proxyType = 1;
			remoteGlobalIDString = "highway::FSKit";
			remoteInfo = FSKit;
		};
		B177025A1F82DA7A00E3DAFB /* PBXContainerItemProxy */ = {
			isa = PBXContainerItemProxy;
			containerPortal = OBJ_1 /* Project object */;
			proxyType = 1;
			remoteGlobalIDString = "highway::Terminal";
			remoteInfo = Terminal;
		};
		B177025B1F82DA7A00E3DAFB /* PBXContainerItemProxy */ = {
			isa = PBXContainerItemProxy;
			containerPortal = OBJ_1 /* Project object */;
			proxyType = 1;
			remoteGlobalIDString = "highway::HighwayCore";
			remoteInfo = HighwayCore;
		};
		B177025C1F82DA7A00E3DAFB /* PBXContainerItemProxy */ = {
			isa = PBXContainerItemProxy;
			containerPortal = OBJ_1 /* Project object */;
			proxyType = 1;
			remoteGlobalIDString = "highway::FSKit";
			remoteInfo = FSKit;
		};
		B177025D1F82DA7A00E3DAFB /* PBXContainerItemProxy */ = {
			isa = PBXContainerItemProxy;
			containerPortal = OBJ_1 /* Project object */;
			proxyType = 1;
			remoteGlobalIDString = "highway::Terminal";
			remoteInfo = Terminal;
		};
		B177025E1F82DA7B00E3DAFB /* PBXContainerItemProxy */ = {
			isa = PBXContainerItemProxy;
			containerPortal = OBJ_1 /* Project object */;
			proxyType = 1;
			remoteGlobalIDString = "highway::HWKit";
			remoteInfo = HWKit;
		};
		B177025F1F82DA7B00E3DAFB /* PBXContainerItemProxy */ = {
			isa = PBXContainerItemProxy;
			containerPortal = OBJ_1 /* Project object */;
			proxyType = 1;
			remoteGlobalIDString = "highway::HighwayCore";
			remoteInfo = HighwayCore;
		};
		B17702601F82DA7B00E3DAFB /* PBXContainerItemProxy */ = {
			isa = PBXContainerItemProxy;
			containerPortal = OBJ_1 /* Project object */;
			proxyType = 1;
			remoteGlobalIDString = "highway::FSKit";
			remoteInfo = FSKit;
		};
		B17702611F82DA7B00E3DAFB /* PBXContainerItemProxy */ = {
			isa = PBXContainerItemProxy;
			containerPortal = OBJ_1 /* Project object */;
			proxyType = 1;
			remoteGlobalIDString = "highway::Terminal";
			remoteInfo = Terminal;
		};
/* End PBXContainerItemProxy section */

/* Begin PBXFileReference section */
		OBJ_100 /* PrivateHighway.swift */ = {isa = PBXFileReference; lastKnownFileType = sourcecode.swift; path = PrivateHighway.swift; sourceTree = "<group>"; };
		OBJ_101 /* main.swift */ = {isa = PBXFileReference; lastKnownFileType = sourcecode.swift; path = main.swift; sourceTree = "<group>"; };
		OBJ_103 /* ContextMock.swift */ = {isa = PBXFileReference; lastKnownFileType = sourcecode.swift; path = ContextMock.swift; sourceTree = "<group>"; };
		OBJ_104 /* Data+Convenience.swift */ = {isa = PBXFileReference; lastKnownFileType = sourcecode.swift; path = "Data+Convenience.swift"; sourceTree = "<group>"; };
		OBJ_105 /* ExecutorMock.swift */ = {isa = PBXFileReference; lastKnownFileType = sourcecode.swift; path = ExecutorMock.swift; sourceTree = "<group>"; };
		OBJ_108 /* AbsoluteURLTests.swift */ = {isa = PBXFileReference; lastKnownFileType = sourcecode.swift; path = AbsoluteURLTests.swift; sourceTree = "<group>"; };
		OBJ_109 /* AnchoredFileSystemTests.swift */ = {isa = PBXFileReference; lastKnownFileType = sourcecode.swift; path = AnchoredFileSystemTests.swift; sourceTree = "<group>"; };
		OBJ_11 /* FileStream.swift */ = {isa = PBXFileReference; lastKnownFileType = sourcecode.swift; path = FileStream.swift; sourceTree = "<group>"; };
		OBJ_110 /* FileSystemTest.swift */ = {isa = PBXFileReference; lastKnownFileType = sourcecode.swift; path = FileSystemTest.swift; sourceTree = "<group>"; };
		OBJ_111 /* InMemoryFileSystemTests.swift */ = {isa = PBXFileReference; lastKnownFileType = sourcecode.swift; path = InMemoryFileSystemTests.swift; sourceTree = "<group>"; };
		OBJ_112 /* LocalFileSystemTests.swift */ = {isa = PBXFileReference; lastKnownFileType = sourcecode.swift; path = LocalFileSystemTests.swift; sourceTree = "<group>"; };
		OBJ_113 /* RelativePathTests.swift */ = {isa = PBXFileReference; lastKnownFileType = sourcecode.swift; path = RelativePathTests.swift; sourceTree = "<group>"; };
		OBJ_116 /* GitAutotagTests.swift */ = {isa = PBXFileReference; lastKnownFileType = sourcecode.swift; path = GitAutotagTests.swift; sourceTree = "<group>"; };
		OBJ_117 /* GitToolTests.swift */ = {isa = PBXFileReference; lastKnownFileType = sourcecode.swift; path = GitToolTests.swift; sourceTree = "<group>"; };
		OBJ_118 /* HighwayBundleTests.swift */ = {isa = PBXFileReference; lastKnownFileType = sourcecode.swift; path = HighwayBundleTests.swift; sourceTree = "<group>"; };
		OBJ_119 /* HighwaysTests.swift */ = {isa = PBXFileReference; lastKnownFileType = sourcecode.swift; path = HighwaysTests.swift; sourceTree = "<group>"; };
		OBJ_121 /* FileHandle+Convenience.swift */ = {isa = PBXFileReference; lastKnownFileType = sourcecode.swift; path = "FileHandle+Convenience.swift"; sourceTree = "<group>"; };
		OBJ_122 /* SwiftBuildSystemTests.swift */ = {isa = PBXFileReference; lastKnownFileType = sourcecode.swift; path = SwiftBuildSystemTests.swift; sourceTree = "<group>"; };
		OBJ_123 /* TaskExecutorSystemTests.swift */ = {isa = PBXFileReference; lastKnownFileType = sourcecode.swift; path = TaskExecutorSystemTests.swift; sourceTree = "<group>"; };
		OBJ_124 /* TaskTests.swift */ = {isa = PBXFileReference; lastKnownFileType = sourcecode.swift; path = TaskTests.swift; sourceTree = "<group>"; };
		OBJ_125 /* XCBuildSystemTests.swift */ = {isa = PBXFileReference; lastKnownFileType = sourcecode.swift; path = XCBuildSystemTests.swift; sourceTree = "<group>"; };
		OBJ_126 /* XcodebuildTests.swift */ = {isa = PBXFileReference; lastKnownFileType = sourcecode.swift; path = XcodebuildTests.swift; sourceTree = "<group>"; };
		OBJ_127 /* test.swift */ = {isa = PBXFileReference; lastKnownFileType = sourcecode.swift; path = test.swift; sourceTree = "<group>"; };
		OBJ_129 /* TerminalTests.swift */ = {isa = PBXFileReference; lastKnownFileType = sourcecode.swift; path = TerminalTests.swift; sourceTree = "<group>"; };
		OBJ_13 /* Printable.swift */ = {isa = PBXFileReference; lastKnownFileType = sourcecode.swift; path = Printable.swift; sourceTree = "<group>"; };
		OBJ_131 /* HighwayBundleCreatorTests.swift */ = {isa = PBXFileReference; lastKnownFileType = sourcecode.swift; path = HighwayBundleCreatorTests.swift; sourceTree = "<group>"; };
		OBJ_132 /* HomeBundleTests.swift */ = {isa = PBXFileReference; lastKnownFileType = sourcecode.swift; path = HomeBundleTests.swift; sourceTree = "<group>"; };
		OBJ_133 /* SwiftBuildSystem_HighwayBundleTests.swift */ = {isa = PBXFileReference; lastKnownFileType = sourcecode.swift; path = SwiftBuildSystem_HighwayBundleTests.swift; sourceTree = "<group>"; };
		OBJ_134 /* config */ = {isa = PBXFileReference; lastKnownFileType = folder; path = config; sourceTree = SOURCE_ROOT; };
		OBJ_135 /* end2end_tests */ = {isa = PBXFileReference; lastKnownFileType = folder; path = end2end_tests; sourceTree = SOURCE_ROOT; };
		OBJ_136 /* _highway */ = {isa = PBXFileReference; lastKnownFileType = folder; path = _highway; sourceTree = SOURCE_ROOT; };
		OBJ_137 /* scripts */ = {isa = PBXFileReference; lastKnownFileType = folder; path = scripts; sourceTree = SOURCE_ROOT; };
		OBJ_15 /* Line.swift */ = {isa = PBXFileReference; lastKnownFileType = sourcecode.swift; path = Line.swift; sourceTree = "<group>"; };
		OBJ_16 /* List.swift */ = {isa = PBXFileReference; lastKnownFileType = sourcecode.swift; path = List.swift; sourceTree = "<group>"; };
		OBJ_17 /* Prompt.swift */ = {isa = PBXFileReference; lastKnownFileType = sourcecode.swift; path = Prompt.swift; sourceTree = "<group>"; };
		OBJ_18 /* String+Convenience.swift */ = {isa = PBXFileReference; lastKnownFileType = sourcecode.swift; path = "String+Convenience.swift"; sourceTree = "<group>"; };
		OBJ_19 /* Terminal.swift */ = {isa = PBXFileReference; lastKnownFileType = sourcecode.swift; path = Terminal.swift; sourceTree = "<group>"; };
		OBJ_21 /* Color.swift */ = {isa = PBXFileReference; lastKnownFileType = sourcecode.swift; path = Color.swift; sourceTree = "<group>"; };
		OBJ_22 /* SubText.swift */ = {isa = PBXFileReference; lastKnownFileType = sourcecode.swift; path = SubText.swift; sourceTree = "<group>"; };
		OBJ_23 /* Text.swift */ = {isa = PBXFileReference; lastKnownFileType = sourcecode.swift; path = Text.swift; sourceTree = "<group>"; };
		OBJ_25 /* FileSystem.swift */ = {isa = PBXFileReference; lastKnownFileType = sourcecode.swift; path = FileSystem.swift; sourceTree = "<group>"; };
		OBJ_27 /* String+Error.swift */ = {isa = PBXFileReference; lastKnownFileType = sourcecode.swift; path = "String+Error.swift"; sourceTree = "<group>"; };
		OBJ_29 /* AnchoredFileSystem.swift */ = {isa = PBXFileReference; lastKnownFileType = sourcecode.swift; path = AnchoredFileSystem.swift; sourceTree = "<group>"; };
		OBJ_30 /* InMemoryFileSystem.swift */ = {isa = PBXFileReference; lastKnownFileType = sourcecode.swift; path = InMemoryFileSystem.swift; sourceTree = "<group>"; };
		OBJ_31 /* LocalFileSystem.swift */ = {isa = PBXFileReference; lastKnownFileType = sourcecode.swift; path = LocalFileSystem.swift; sourceTree = "<group>"; };
		OBJ_33 /* AbsoluteUrl.swift */ = {isa = PBXFileReference; lastKnownFileType = sourcecode.swift; path = AbsoluteUrl.swift; sourceTree = "<group>"; };
		OBJ_34 /* Directory.swift */ = {isa = PBXFileReference; lastKnownFileType = sourcecode.swift; path = Directory.swift; sourceTree = "<group>"; };
		OBJ_35 /* FSError.swift */ = {isa = PBXFileReference; lastKnownFileType = sourcecode.swift; path = FSError.swift; sourceTree = "<group>"; };
		OBJ_36 /* File.swift */ = {isa = PBXFileReference; lastKnownFileType = sourcecode.swift; path = File.swift; sourceTree = "<group>"; };
		OBJ_37 /* RelativePath.swift */ = {isa = PBXFileReference; lastKnownFileType = sourcecode.swift; path = RelativePath.swift; sourceTree = "<group>"; };
		OBJ_40 /* HighwayBundleConfiguration.swift */ = {isa = PBXFileReference; lastKnownFileType = sourcecode.swift; path = HighwayBundleConfiguration.swift; sourceTree = "<group>"; };
		OBJ_42 /* Context+Convenience.swift */ = {isa = PBXFileReference; lastKnownFileType = sourcecode.swift; path = "Context+Convenience.swift"; sourceTree = "<group>"; };
		OBJ_43 /* Context.swift */ = {isa = PBXFileReference; lastKnownFileType = sourcecode.swift; path = Context.swift; sourceTree = "<group>"; };
		OBJ_45 /* Fastlane.swift */ = {isa = PBXFileReference; lastKnownFileType = sourcecode.swift; path = Fastlane.swift; sourceTree = "<group>"; };
		OBJ_47 /* GitAutotag.swift */ = {isa = PBXFileReference; lastKnownFileType = sourcecode.swift; path = GitAutotag.swift; sourceTree = "<group>"; };
		OBJ_48 /* GitTool.swift */ = {isa = PBXFileReference; lastKnownFileType = sourcecode.swift; path = GitTool.swift; sourceTree = "<group>"; };
		OBJ_49 /* Keychain.swift */ = {isa = PBXFileReference; lastKnownFileType = sourcecode.swift; path = Keychain.swift; sourceTree = "<group>"; };
		OBJ_51 /* SwiftBuildSystem.swift */ = {isa = PBXFileReference; lastKnownFileType = sourcecode.swift; path = SwiftBuildSystem.swift; sourceTree = "<group>"; };
		OBJ_52 /* SwiftOptions.swift */ = {isa = PBXFileReference; lastKnownFileType = sourcecode.swift; path = SwiftOptions.swift; sourceTree = "<group>"; };
		OBJ_53 /* SwiftPackageTool.swift */ = {isa = PBXFileReference; lastKnownFileType = sourcecode.swift; path = SwiftPackageTool.swift; sourceTree = "<group>"; };
		OBJ_55 /* XCBuildSystem.swift */ = {isa = PBXFileReference; lastKnownFileType = sourcecode.swift; path = XCBuildSystem.swift; sourceTree = "<group>"; };
		OBJ_56 /* Xcodebuild.swift */ = {isa = PBXFileReference; lastKnownFileType = sourcecode.swift; path = Xcodebuild.swift; sourceTree = "<group>"; };
		OBJ_58 /* PosixConvenience.swift */ = {isa = PBXFileReference; lastKnownFileType = sourcecode.swift; path = PosixConvenience.swift; sourceTree = "<group>"; };
		OBJ_59 /* Result.swift */ = {isa = PBXFileReference; lastKnownFileType = sourcecode.swift; path = Result.swift; sourceTree = "<group>"; };
		OBJ_6 /* Package.swift */ = {isa = PBXFileReference; explicitFileType = sourcecode.swift; path = Package.swift; sourceTree = "<group>"; };
		OBJ_60 /* String+Convenience.swift */ = {isa = PBXFileReference; lastKnownFileType = sourcecode.swift; path = "String+Convenience.swift"; sourceTree = "<group>"; };
		OBJ_62 /* Highway.swift */ = {isa = PBXFileReference; lastKnownFileType = sourcecode.swift; path = Highway.swift; sourceTree = "<group>"; };
		OBJ_63 /* HighwayInvocation.swift */ = {isa = PBXFileReference; lastKnownFileType = sourcecode.swift; path = HighwayInvocation.swift; sourceTree = "<group>"; };
		OBJ_64 /* Highways.swift */ = {isa = PBXFileReference; lastKnownFileType = sourcecode.swift; path = Highways.swift; sourceTree = "<group>"; };
		OBJ_65 /* ManagedHighway.swift */ = {isa = PBXFileReference; lastKnownFileType = sourcecode.swift; path = ManagedHighway.swift; sourceTree = "<group>"; };
		OBJ_66 /* PrivateHighway.swift */ = {isa = PBXFileReference; lastKnownFileType = sourcecode.swift; path = PrivateHighway.swift; sourceTree = "<group>"; };
		OBJ_67 /* RawHighway.swift */ = {isa = PBXFileReference; lastKnownFileType = sourcecode.swift; path = RawHighway.swift; sourceTree = "<group>"; };
		OBJ_69 /* ExecutableFinder.swift */ = {isa = PBXFileReference; lastKnownFileType = sourcecode.swift; path = ExecutableFinder.swift; sourceTree = "<group>"; };
		OBJ_70 /* SystemExecutor.swift */ = {isa = PBXFileReference; lastKnownFileType = sourcecode.swift; path = SystemExecutor.swift; sourceTree = "<group>"; };
		OBJ_71 /* Task.swift */ = {isa = PBXFileReference; lastKnownFileType = sourcecode.swift; path = Task.swift; sourceTree = "<group>"; };
		OBJ_72 /* TaskExecutor.swift */ = {isa = PBXFileReference; lastKnownFileType = sourcecode.swift; path = TaskExecutor.swift; sourceTree = "<group>"; };
		OBJ_76 /* HomeBundle.swift */ = {isa = PBXFileReference; lastKnownFileType = sourcecode.swift; path = HomeBundle.swift; sourceTree = "<group>"; };
		OBJ_77 /* HomeBundleCreator.swift */ = {isa = PBXFileReference; lastKnownFileType = sourcecode.swift; path = HomeBundleCreator.swift; sourceTree = "<group>"; };
		OBJ_79 /* Bootstraper.swift */ = {isa = PBXFileReference; lastKnownFileType = sourcecode.swift; path = Bootstraper.swift; sourceTree = "<group>"; };
		OBJ_8 /* config.xcconfig */ = {isa = PBXFileReference; lastKnownFileType = text.xcconfig; name = config.xcconfig; path = config/config.xcconfig; sourceTree = "<group>"; };
		OBJ_80 /* BundleCleaner.swift */ = {isa = PBXFileReference; lastKnownFileType = sourcecode.swift; path = BundleCleaner.swift; sourceTree = "<group>"; };
		OBJ_81 /* CompileAndRun.swift */ = {isa = PBXFileReference; lastKnownFileType = sourcecode.swift; path = CompileAndRun.swift; sourceTree = "<group>"; };
		OBJ_82 /* HomeBundleUpdater.swift */ = {isa = PBXFileReference; lastKnownFileType = sourcecode.swift; path = HomeBundleUpdater.swift; sourceTree = "<group>"; };
		OBJ_84 /* HighwayBundleCreator.swift */ = {isa = PBXFileReference; lastKnownFileType = sourcecode.swift; path = HighwayBundleCreator.swift; sourceTree = "<group>"; };
		OBJ_85 /* InitCommand.swift */ = {isa = PBXFileReference; lastKnownFileType = sourcecode.swift; path = InitCommand.swift; sourceTree = "<group>"; };
		OBJ_86 /* SelfUpdater.swift */ = {isa = PBXFileReference; lastKnownFileType = sourcecode.swift; path = SelfUpdater.swift; sourceTree = "<group>"; };
		OBJ_87 /* SwiftBuildSystem-Bundle.swift */ = {isa = PBXFileReference; lastKnownFileType = sourcecode.swift; path = "SwiftBuildSystem-Bundle.swift"; sourceTree = "<group>"; };
		OBJ_88 /* XCProjectGenerator.swift */ = {isa = PBXFileReference; lastKnownFileType = sourcecode.swift; path = XCProjectGenerator.swift; sourceTree = "<group>"; };
		OBJ_90 /* HighwayGoTool.swift */ = {isa = PBXFileReference; lastKnownFileType = sourcecode.swift; path = HighwayGoTool.swift; sourceTree = "<group>"; };
		OBJ_92 /* gitignore_template.swift */ = {isa = PBXFileReference; lastKnownFileType = sourcecode.swift; path = gitignore_template.swift; sourceTree = "<group>"; };
		OBJ_93 /* main_swift_template.swift */ = {isa = PBXFileReference; lastKnownFileType = sourcecode.swift; path = main_swift_template.swift; sourceTree = "<group>"; };
		OBJ_94 /* package_swift_template.swift */ = {isa = PBXFileReference; lastKnownFileType = sourcecode.swift; path = package_swift_template.swift; sourceTree = "<group>"; };
		OBJ_95 /* xcconfig_template.swift */ = {isa = PBXFileReference; lastKnownFileType = sourcecode.swift; path = xcconfig_template.swift; sourceTree = "<group>"; };
		OBJ_97 /* App.swift */ = {isa = PBXFileReference; lastKnownFileType = sourcecode.swift; path = App.swift; sourceTree = "<group>"; };
		OBJ_98 /* AppHighway.swift */ = {isa = PBXFileReference; lastKnownFileType = sourcecode.swift; path = AppHighway.swift; sourceTree = "<group>"; };
		OBJ_99 /* CurrentVersion.swift */ = {isa = PBXFileReference; lastKnownFileType = sourcecode.swift; path = CurrentVersion.swift; sourceTree = "<group>"; };
		"highway::FSKit::Product" /* FSKit.framework */ = {isa = PBXFileReference; explicitFileType = wrapper.framework; path = FSKit.framework; sourceTree = BUILT_PRODUCTS_DIR; };
		"highway::FSKitTests::Product" /* FSKitTests.xctest */ = {isa = PBXFileReference; lastKnownFileType = file; path = FSKitTests.xctest; sourceTree = BUILT_PRODUCTS_DIR; };
		"highway::HWKit::Product" /* HWKit.framework */ = {isa = PBXFileReference; explicitFileType = wrapper.framework; path = HWKit.framework; sourceTree = BUILT_PRODUCTS_DIR; };
		"highway::HWKitTests::Product" /* HWKitTests.xctest */ = {isa = PBXFileReference; lastKnownFileType = file; path = HWKitTests.xctest; sourceTree = BUILT_PRODUCTS_DIR; };
		"highway::HighwayCore::Product" /* HighwayCore.framework */ = {isa = PBXFileReference; explicitFileType = wrapper.framework; path = HighwayCore.framework; sourceTree = BUILT_PRODUCTS_DIR; };
		"highway::HighwayCoreTests::Product" /* HighwayCoreTests.xctest */ = {isa = PBXFileReference; lastKnownFileType = file; path = HighwayCoreTests.xctest; sourceTree = BUILT_PRODUCTS_DIR; };
		"highway::Terminal::Product" /* Terminal.framework */ = {isa = PBXFileReference; explicitFileType = wrapper.framework; path = Terminal.framework; sourceTree = BUILT_PRODUCTS_DIR; };
		"highway::TerminalTests::Product" /* TerminalTests.xctest */ = {isa = PBXFileReference; lastKnownFileType = file; path = TerminalTests.xctest; sourceTree = BUILT_PRODUCTS_DIR; };
		"highway::TestKit::Product" /* TestKit.framework */ = {isa = PBXFileReference; explicitFileType = wrapper.framework; path = TestKit.framework; sourceTree = BUILT_PRODUCTS_DIR; };
		"highway::highway::Product" /* highway */ = {isa = PBXFileReference; lastKnownFileType = text; path = highway; sourceTree = BUILT_PRODUCTS_DIR; };
/* End PBXFileReference section */

/* Begin PBXFrameworksBuildPhase section */
		OBJ_163 /* Frameworks */ = {
			isa = PBXFrameworksBuildPhase;
			buildActionMask = 0;
			files = (
				OBJ_164 /* TestKit.framework in Frameworks */,
				OBJ_165 /* HWKit.framework in Frameworks */,
				OBJ_166 /* HighwayCore.framework in Frameworks */,
				OBJ_167 /* FSKit.framework in Frameworks */,
				OBJ_168 /* Terminal.framework in Frameworks */,
			);
			runOnlyForDeploymentPostprocessing = 0;
		};
		OBJ_185 /* Frameworks */ = {
			isa = PBXFrameworksBuildPhase;
			buildActionMask = 0;
			files = (
				OBJ_186 /* Terminal.framework in Frameworks */,
			);
			runOnlyForDeploymentPostprocessing = 0;
		};
		OBJ_204 /* Frameworks */ = {
			isa = PBXFrameworksBuildPhase;
			buildActionMask = 0;
			files = (
				OBJ_205 /* TestKit.framework in Frameworks */,
				OBJ_206 /* HighwayCore.framework in Frameworks */,
				OBJ_207 /* FSKit.framework in Frameworks */,
				OBJ_208 /* Terminal.framework in Frameworks */,
			);
			runOnlyForDeploymentPostprocessing = 0;
		};
		OBJ_220 /* Frameworks */ = {
			isa = PBXFrameworksBuildPhase;
			buildActionMask = 0;
			files = (
				OBJ_221 /* HighwayCore.framework in Frameworks */,
				OBJ_222 /* FSKit.framework in Frameworks */,
				OBJ_223 /* Terminal.framework in Frameworks */,
			);
			runOnlyForDeploymentPostprocessing = 0;
		};
		OBJ_238 /* Frameworks */ = {
			isa = PBXFrameworksBuildPhase;
			buildActionMask = 0;
			files = (
				OBJ_239 /* FSKit.framework in Frameworks */,
			);
			runOnlyForDeploymentPostprocessing = 0;
		};
		OBJ_251 /* Frameworks */ = {
			isa = PBXFrameworksBuildPhase;
			buildActionMask = 0;
			files = (
				OBJ_252 /* HWKit.framework in Frameworks */,
				OBJ_253 /* HighwayCore.framework in Frameworks */,
				OBJ_254 /* FSKit.framework in Frameworks */,
				OBJ_255 /* Terminal.framework in Frameworks */,
			);
			runOnlyForDeploymentPostprocessing = 0;
		};
		OBJ_280 /* Frameworks */ = {
			isa = PBXFrameworksBuildPhase;
			buildActionMask = 0;
			files = (
				OBJ_281 /* HighwayCore.framework in Frameworks */,
				OBJ_282 /* FSKit.framework in Frameworks */,
				OBJ_283 /* Terminal.framework in Frameworks */,
			);
			runOnlyForDeploymentPostprocessing = 0;
		};
		OBJ_316 /* Frameworks */ = {
			isa = PBXFrameworksBuildPhase;
			buildActionMask = 0;
			files = (
				OBJ_317 /* FSKit.framework in Frameworks */,
				OBJ_318 /* Terminal.framework in Frameworks */,
			);
			runOnlyForDeploymentPostprocessing = 0;
		};
		OBJ_335 /* Frameworks */ = {
			isa = PBXFrameworksBuildPhase;
			buildActionMask = 0;
			files = (
			);
			runOnlyForDeploymentPostprocessing = 0;
		};
		OBJ_350 /* Frameworks */ = {
			isa = PBXFrameworksBuildPhase;
			buildActionMask = 0;
			files = (
			);
			runOnlyForDeploymentPostprocessing = 0;
		};
/* End PBXFrameworksBuildPhase section */

/* Begin PBXGroup section */
		OBJ_10 /* Terminal */ = {
			isa = PBXGroup;
			children = (
				OBJ_11 /* FileStream.swift */,
				OBJ_12 /* Printable */,
				OBJ_17 /* Prompt.swift */,
				OBJ_18 /* String+Convenience.swift */,
				OBJ_19 /* Terminal.swift */,
				OBJ_20 /* Text */,
			);
			name = Terminal;
			path = Sources/Terminal;
			sourceTree = SOURCE_ROOT;
		};
		OBJ_102 /* TestKit */ = {
			isa = PBXGroup;
			children = (
				OBJ_103 /* ContextMock.swift */,
				OBJ_104 /* Data+Convenience.swift */,
				OBJ_105 /* ExecutorMock.swift */,
			);
			name = TestKit;
			path = Sources/TestKit;
			sourceTree = SOURCE_ROOT;
		};
		OBJ_106 /* Tests */ = {
			isa = PBXGroup;
			children = (
				OBJ_107 /* FSKitTests */,
				OBJ_114 /* HighwayCoreTests */,
				OBJ_128 /* TerminalTests */,
				OBJ_130 /* HWKitTests */,
			);
			name = Tests;
			sourceTree = SOURCE_ROOT;
		};
		OBJ_107 /* FSKitTests */ = {
			isa = PBXGroup;
			children = (
				OBJ_108 /* AbsoluteURLTests.swift */,
				OBJ_109 /* AnchoredFileSystemTests.swift */,
				OBJ_110 /* FileSystemTest.swift */,
				OBJ_111 /* InMemoryFileSystemTests.swift */,
				OBJ_112 /* LocalFileSystemTests.swift */,
				OBJ_113 /* RelativePathTests.swift */,
			);
			name = FSKitTests;
			path = Tests/FSKitTests;
			sourceTree = SOURCE_ROOT;
		};
		OBJ_114 /* HighwayCoreTests */ = {
			isa = PBXGroup;
			children = (
				OBJ_115 /* Features */,
				OBJ_118 /* HighwayBundleTests.swift */,
				OBJ_119 /* HighwaysTests.swift */,
				OBJ_120 /* Support */,
				OBJ_122 /* SwiftBuildSystemTests.swift */,
				OBJ_123 /* TaskExecutorSystemTests.swift */,
				OBJ_124 /* TaskTests.swift */,
				OBJ_125 /* XCBuildSystemTests.swift */,
				OBJ_126 /* XcodebuildTests.swift */,
				OBJ_127 /* test.swift */,
			);
			name = HighwayCoreTests;
			path = Tests/HighwayCoreTests;
			sourceTree = SOURCE_ROOT;
		};
		OBJ_115 /* Features */ = {
			isa = PBXGroup;
			children = (
				OBJ_116 /* GitAutotagTests.swift */,
				OBJ_117 /* GitToolTests.swift */,
			);
			path = Features;
			sourceTree = "<group>";
		};
		OBJ_12 /* Printable */ = {
			isa = PBXGroup;
			children = (
				OBJ_13 /* Printable.swift */,
				OBJ_14 /* Printables */,
			);
			path = Printable;
			sourceTree = "<group>";
		};
		OBJ_120 /* Support */ = {
			isa = PBXGroup;
			children = (
				OBJ_121 /* FileHandle+Convenience.swift */,
			);
			path = Support;
			sourceTree = "<group>";
		};
		OBJ_128 /* TerminalTests */ = {
			isa = PBXGroup;
			children = (
				OBJ_129 /* TerminalTests.swift */,
			);
			name = TerminalTests;
			path = Tests/TerminalTests;
			sourceTree = SOURCE_ROOT;
		};
		OBJ_130 /* HWKitTests */ = {
			isa = PBXGroup;
			children = (
				OBJ_131 /* HighwayBundleCreatorTests.swift */,
				OBJ_132 /* HomeBundleTests.swift */,
				OBJ_133 /* SwiftBuildSystem_HighwayBundleTests.swift */,
			);
			name = HWKitTests;
			path = Tests/HWKitTests;
			sourceTree = SOURCE_ROOT;
		};
		OBJ_138 /* Products */ = {
			isa = PBXGroup;
			children = (
				"highway::HWKitTests::Product" /* HWKitTests.xctest */,
				"highway::TerminalTests::Product" /* TerminalTests.xctest */,
				"highway::HighwayCoreTests::Product" /* HighwayCoreTests.xctest */,
				"highway::TestKit::Product" /* TestKit.framework */,
				"highway::FSKitTests::Product" /* FSKitTests.xctest */,
				"highway::highway::Product" /* highway */,
				"highway::HWKit::Product" /* HWKit.framework */,
				"highway::HighwayCore::Product" /* HighwayCore.framework */,
				"highway::FSKit::Product" /* FSKit.framework */,
				"highway::Terminal::Product" /* Terminal.framework */,
			);
			name = Products;
			sourceTree = BUILT_PRODUCTS_DIR;
		};
		OBJ_14 /* Printables */ = {
			isa = PBXGroup;
			children = (
				OBJ_15 /* Line.swift */,
				OBJ_16 /* List.swift */,
			);
			path = Printables;
			sourceTree = "<group>";
		};
		OBJ_20 /* Text */ = {
			isa = PBXGroup;
			children = (
				OBJ_21 /* Color.swift */,
				OBJ_22 /* SubText.swift */,
				OBJ_23 /* Text.swift */,
			);
			path = Text;
			sourceTree = "<group>";
		};
		OBJ_24 /* FSKit */ = {
			isa = PBXGroup;
			children = (
				OBJ_25 /* FileSystem.swift */,
				OBJ_26 /* Helper */,
				OBJ_28 /* Implementations */,
				OBJ_32 /* Model */,
			);
			name = FSKit;
			path = Sources/FSKit;
			sourceTree = SOURCE_ROOT;
		};
		OBJ_26 /* Helper */ = {
			isa = PBXGroup;
			children = (
				OBJ_27 /* String+Error.swift */,
			);
			path = Helper;
			sourceTree = "<group>";
		};
		OBJ_28 /* Implementations */ = {
			isa = PBXGroup;
			children = (
				OBJ_29 /* AnchoredFileSystem.swift */,
				OBJ_30 /* InMemoryFileSystem.swift */,
				OBJ_31 /* LocalFileSystem.swift */,
			);
			path = Implementations;
			sourceTree = "<group>";
		};
		OBJ_32 /* Model */ = {
			isa = PBXGroup;
			children = (
				OBJ_33 /* AbsoluteUrl.swift */,
				OBJ_34 /* Directory.swift */,
				OBJ_35 /* FSError.swift */,
				OBJ_36 /* File.swift */,
				OBJ_37 /* RelativePath.swift */,
			);
			path = Model;
			sourceTree = "<group>";
		};
		OBJ_38 /* HighwayCore */ = {
			isa = PBXGroup;
			children = (
				OBJ_39 /* Bundle */,
				OBJ_41 /* Context */,
				OBJ_44 /* Features */,
				OBJ_57 /* Global Stuff */,
				OBJ_61 /* Highways */,
				OBJ_68 /* Task + Executing */,
			);
			name = HighwayCore;
			path = Sources/HighwayCore;
			sourceTree = SOURCE_ROOT;
		};
		OBJ_39 /* Bundle */ = {
			isa = PBXGroup;
			children = (
				OBJ_40 /* HighwayBundleConfiguration.swift */,
			);
			path = Bundle;
			sourceTree = "<group>";
		};
		OBJ_41 /* Context */ = {
			isa = PBXGroup;
			children = (
				OBJ_42 /* Context+Convenience.swift */,
				OBJ_43 /* Context.swift */,
			);
			path = Context;
			sourceTree = "<group>";
		};
		OBJ_44 /* Features */ = {
			isa = PBXGroup;
			children = (
				OBJ_45 /* Fastlane.swift */,
				OBJ_46 /* Git */,
				OBJ_49 /* Keychain.swift */,
				OBJ_50 /* Swift */,
				OBJ_54 /* Xcode */,
			);
			path = Features;
			sourceTree = "<group>";
		};
		OBJ_46 /* Git */ = {
			isa = PBXGroup;
			children = (
				OBJ_47 /* GitAutotag.swift */,
				OBJ_48 /* GitTool.swift */,
			);
			path = Git;
			sourceTree = "<group>";
		};
		OBJ_5 /*  */ = {
			isa = PBXGroup;
			children = (
				OBJ_6 /* Package.swift */,
				OBJ_7 /* Configs */,
				OBJ_9 /* Sources */,
				OBJ_106 /* Tests */,
				OBJ_134 /* config */,
				OBJ_135 /* end2end_tests */,
				OBJ_136 /* _highway */,
				OBJ_137 /* scripts */,
				OBJ_138 /* Products */,
			);
			name = "";
			sourceTree = "<group>";
		};
		OBJ_50 /* Swift */ = {
			isa = PBXGroup;
			children = (
				OBJ_51 /* SwiftBuildSystem.swift */,
				OBJ_52 /* SwiftOptions.swift */,
				OBJ_53 /* SwiftPackageTool.swift */,
			);
			path = Swift;
			sourceTree = "<group>";
		};
		OBJ_54 /* Xcode */ = {
			isa = PBXGroup;
			children = (
				OBJ_55 /* XCBuildSystem.swift */,
				OBJ_56 /* Xcodebuild.swift */,
			);
			path = Xcode;
			sourceTree = "<group>";
		};
		OBJ_57 /* Global Stuff */ = {
			isa = PBXGroup;
			children = (
				OBJ_58 /* PosixConvenience.swift */,
				OBJ_59 /* Result.swift */,
				OBJ_60 /* String+Convenience.swift */,
			);
			path = "Global Stuff";
			sourceTree = "<group>";
		};
		OBJ_61 /* Highways */ = {
			isa = PBXGroup;
			children = (
				OBJ_62 /* Highway.swift */,
				OBJ_63 /* HighwayInvocation.swift */,
				OBJ_64 /* Highways.swift */,
				OBJ_65 /* ManagedHighway.swift */,
				OBJ_66 /* PrivateHighway.swift */,
				OBJ_67 /* RawHighway.swift */,
			);
			path = Highways;
			sourceTree = "<group>";
		};
		OBJ_68 /* Task + Executing */ = {
			isa = PBXGroup;
			children = (
				OBJ_69 /* ExecutableFinder.swift */,
				OBJ_70 /* SystemExecutor.swift */,
				OBJ_71 /* Task.swift */,
				OBJ_72 /* TaskExecutor.swift */,
			);
			path = "Task + Executing";
			sourceTree = "<group>";
		};
		OBJ_7 /* Configs */ = {
			isa = PBXGroup;
			children = (
				OBJ_8 /* config.xcconfig */,
			);
			name = Configs;
			sourceTree = "<group>";
		};
		OBJ_73 /* HWKit */ = {
			isa = PBXGroup;
			children = (
				OBJ_74 /* Bundles */,
				OBJ_78 /* Command Helper */,
				OBJ_91 /* Templates */,
			);
			name = HWKit;
			path = Sources/HWKit;
			sourceTree = SOURCE_ROOT;
		};
		OBJ_74 /* Bundles */ = {
			isa = PBXGroup;
			children = (
				OBJ_75 /* Home */,
			);
			path = Bundles;
			sourceTree = "<group>";
		};
		OBJ_75 /* Home */ = {
			isa = PBXGroup;
			children = (
				OBJ_76 /* HomeBundle.swift */,
				OBJ_77 /* HomeBundleCreator.swift */,
			);
			path = Home;
			sourceTree = "<group>";
		};
		OBJ_78 /* Command Helper */ = {
			isa = PBXGroup;
			children = (
				OBJ_79 /* Bootstraper.swift */,
				OBJ_80 /* BundleCleaner.swift */,
				OBJ_81 /* CompileAndRun.swift */,
				OBJ_82 /* HomeBundleUpdater.swift */,
				OBJ_83 /* Init */,
				OBJ_86 /* SelfUpdater.swift */,
				OBJ_87 /* SwiftBuildSystem-Bundle.swift */,
				OBJ_88 /* XCProjectGenerator.swift */,
				OBJ_89 /* highway-go */,
			);
			path = "Command Helper";
			sourceTree = "<group>";
		};
		OBJ_83 /* Init */ = {
			isa = PBXGroup;
			children = (
				OBJ_84 /* HighwayBundleCreator.swift */,
				OBJ_85 /* InitCommand.swift */,
			);
			path = Init;
			sourceTree = "<group>";
		};
		OBJ_89 /* highway-go */ = {
			isa = PBXGroup;
			children = (
				OBJ_90 /* HighwayGoTool.swift */,
			);
			path = "highway-go";
			sourceTree = "<group>";
		};
		OBJ_9 /* Sources */ = {
			isa = PBXGroup;
			children = (
				OBJ_10 /* Terminal */,
				OBJ_24 /* FSKit */,
				OBJ_38 /* HighwayCore */,
				OBJ_73 /* HWKit */,
				OBJ_96 /* highway */,
				OBJ_102 /* TestKit */,
			);
			name = Sources;
			sourceTree = SOURCE_ROOT;
		};
		OBJ_91 /* Templates */ = {
			isa = PBXGroup;
			children = (
				OBJ_92 /* gitignore_template.swift */,
				OBJ_93 /* main_swift_template.swift */,
				OBJ_94 /* package_swift_template.swift */,
				OBJ_95 /* xcconfig_template.swift */,
			);
			path = Templates;
			sourceTree = "<group>";
		};
		OBJ_96 /* highway */ = {
			isa = PBXGroup;
			children = (
				OBJ_97 /* App.swift */,
				OBJ_98 /* AppHighway.swift */,
				OBJ_99 /* CurrentVersion.swift */,
				OBJ_100 /* PrivateHighway.swift */,
				OBJ_101 /* main.swift */,
			);
			name = highway;
			path = Sources/highway;
			sourceTree = SOURCE_ROOT;
		};
/* End PBXGroup section */

/* Begin PBXNativeTarget section */
		"highway::FSKit" /* FSKit */ = {
			isa = PBXNativeTarget;
			buildConfigurationList = OBJ_321 /* Build configuration list for PBXNativeTarget "FSKit" */;
			buildPhases = (
				OBJ_324 /* Sources */,
				OBJ_335 /* Frameworks */,
			);
			buildRules = (
			);
			dependencies = (
			);
			name = FSKit;
			productName = FSKit;
			productReference = "highway::FSKit::Product" /* FSKit.framework */;
			productType = "com.apple.product-type.framework";
		};
		"highway::FSKitTests" /* FSKitTests */ = {
			isa = PBXNativeTarget;
			buildConfigurationList = OBJ_228 /* Build configuration list for PBXNativeTarget "FSKitTests" */;
			buildPhases = (
				OBJ_231 /* Sources */,
				OBJ_238 /* Frameworks */,
			);
			buildRules = (
			);
			dependencies = (
				OBJ_240 /* PBXTargetDependency */,
			);
			name = FSKitTests;
			productName = FSKitTests;
			productReference = "highway::FSKitTests::Product" /* FSKitTests.xctest */;
			productType = "com.apple.product-type.bundle.unit-test";
		};
		"highway::HWKit" /* HWKit */ = {
			isa = PBXNativeTarget;
			buildConfigurationList = OBJ_260 /* Build configuration list for PBXNativeTarget "HWKit" */;
			buildPhases = (
				OBJ_263 /* Sources */,
				OBJ_280 /* Frameworks */,
			);
			buildRules = (
			);
			dependencies = (
				OBJ_284 /* PBXTargetDependency */,
				OBJ_285 /* PBXTargetDependency */,
				OBJ_286 /* PBXTargetDependency */,
			);
			name = HWKit;
			productName = HWKit;
			productReference = "highway::HWKit::Product" /* HWKit.framework */;
			productType = "com.apple.product-type.framework";
		};
		"highway::HWKitTests" /* HWKitTests */ = {
			isa = PBXNativeTarget;
			buildConfigurationList = OBJ_156 /* Build configuration list for PBXNativeTarget "HWKitTests" */;
			buildPhases = (
				OBJ_159 /* Sources */,
				OBJ_163 /* Frameworks */,
			);
			buildRules = (
			);
			dependencies = (
				OBJ_169 /* PBXTargetDependency */,
				OBJ_171 /* PBXTargetDependency */,
				OBJ_173 /* PBXTargetDependency */,
				OBJ_175 /* PBXTargetDependency */,
				OBJ_177 /* PBXTargetDependency */,
			);
			name = HWKitTests;
			productName = HWKitTests;
			productReference = "highway::HWKitTests::Product" /* HWKitTests.xctest */;
			productType = "com.apple.product-type.bundle.unit-test";
		};
		"highway::HighwayCore" /* HighwayCore */ = {
			isa = PBXNativeTarget;
			buildConfigurationList = OBJ_287 /* Build configuration list for PBXNativeTarget "HighwayCore" */;
			buildPhases = (
				OBJ_290 /* Sources */,
				OBJ_316 /* Frameworks */,
			);
			buildRules = (
			);
			dependencies = (
				OBJ_319 /* PBXTargetDependency */,
				OBJ_320 /* PBXTargetDependency */,
			);
			name = HighwayCore;
			productName = HighwayCore;
			productReference = "highway::HighwayCore::Product" /* HighwayCore.framework */;
			productType = "com.apple.product-type.framework";
		};
		"highway::HighwayCoreTests" /* HighwayCoreTests */ = {
			isa = PBXNativeTarget;
			buildConfigurationList = OBJ_189 /* Build configuration list for PBXNativeTarget "HighwayCoreTests" */;
			buildPhases = (
				OBJ_192 /* Sources */,
				OBJ_204 /* Frameworks */,
			);
			buildRules = (
			);
			dependencies = (
				OBJ_209 /* PBXTargetDependency */,
				OBJ_210 /* PBXTargetDependency */,
				OBJ_211 /* PBXTargetDependency */,
				OBJ_212 /* PBXTargetDependency */,
			);
			name = HighwayCoreTests;
			productName = HighwayCoreTests;
			productReference = "highway::HighwayCoreTests::Product" /* HighwayCoreTests.xctest */;
			productType = "com.apple.product-type.bundle.unit-test";
		};
		"highway::SwiftPMPackageDescription" /* highwayPackageDescription */ = {
			isa = PBXNativeTarget;
			buildConfigurationList = OBJ_150 /* Build configuration list for PBXNativeTarget "highwayPackageDescription" */;
			buildPhases = (
				OBJ_153 /* Sources */,
			);
			buildRules = (
			);
			dependencies = (
			);
			name = highwayPackageDescription;
			productName = highwayPackageDescription;
			productType = "com.apple.product-type.framework";
		};
		"highway::Terminal" /* Terminal */ = {
			isa = PBXNativeTarget;
			buildConfigurationList = OBJ_336 /* Build configuration list for PBXNativeTarget "Terminal" */;
			buildPhases = (
				OBJ_339 /* Sources */,
				OBJ_350 /* Frameworks */,
			);
			buildRules = (
			);
			dependencies = (
			);
			name = Terminal;
			productName = Terminal;
			productReference = "highway::Terminal::Product" /* Terminal.framework */;
			productType = "com.apple.product-type.framework";
		};
		"highway::TerminalTests" /* TerminalTests */ = {
			isa = PBXNativeTarget;
			buildConfigurationList = OBJ_180 /* Build configuration list for PBXNativeTarget "TerminalTests" */;
			buildPhases = (
				OBJ_183 /* Sources */,
				OBJ_185 /* Frameworks */,
			);
			buildRules = (
			);
			dependencies = (
				OBJ_187 /* PBXTargetDependency */,
			);
			name = TerminalTests;
			productName = TerminalTests;
			productReference = "highway::TerminalTests::Product" /* TerminalTests.xctest */;
			productType = "com.apple.product-type.bundle.unit-test";
		};
		"highway::TestKit" /* TestKit */ = {
			isa = PBXNativeTarget;
			buildConfigurationList = OBJ_213 /* Build configuration list for PBXNativeTarget "TestKit" */;
			buildPhases = (
				OBJ_216 /* Sources */,
				OBJ_220 /* Frameworks */,
			);
			buildRules = (
			);
			dependencies = (
				OBJ_224 /* PBXTargetDependency */,
				OBJ_225 /* PBXTargetDependency */,
				OBJ_226 /* PBXTargetDependency */,
			);
			name = TestKit;
			productName = TestKit;
			productReference = "highway::TestKit::Product" /* TestKit.framework */;
			productType = "com.apple.product-type.framework";
		};
		"highway::highway" /* highway */ = {
			isa = PBXNativeTarget;
			buildConfigurationList = OBJ_242 /* Build configuration list for PBXNativeTarget "highway" */;
			buildPhases = (
				OBJ_245 /* Sources */,
				OBJ_251 /* Frameworks */,
			);
			buildRules = (
			);
			dependencies = (
				OBJ_256 /* PBXTargetDependency */,
				OBJ_257 /* PBXTargetDependency */,
				OBJ_258 /* PBXTargetDependency */,
				OBJ_259 /* PBXTargetDependency */,
			);
			name = highway;
			productName = highway;
			productReference = "highway::highway::Product" /* highway */;
			productType = "com.apple.product-type.tool";
		};
/* End PBXNativeTarget section */

/* Begin PBXProject section */
		OBJ_1 /* Project object */ = {
			isa = PBXProject;
			attributes = {
				LastUpgradeCheck = 9999;
			};
			buildConfigurationList = OBJ_2 /* Build configuration list for PBXProject "highway" */;
			compatibilityVersion = "Xcode 3.2";
			developmentRegion = English;
			hasScannedForEncodings = 0;
			knownRegions = (
				en,
			);
			mainGroup = OBJ_5 /*  */;
			productRefGroup = OBJ_138 /* Products */;
			projectDirPath = "";
			projectRoot = "";
			targets = (
				"highway::SwiftPMPackageDescription" /* highwayPackageDescription */,
				"highway::HWKitTests" /* HWKitTests */,
				"highway::TerminalTests" /* TerminalTests */,
				"highway::HighwayCoreTests" /* HighwayCoreTests */,
				"highway::TestKit" /* TestKit */,
				"highway::FSKitTests" /* FSKitTests */,
				"highway::highway" /* highway */,
				"highway::HWKit" /* HWKit */,
				"highway::HighwayCore" /* HighwayCore */,
				"highway::FSKit" /* FSKit */,
				"highway::Terminal" /* Terminal */,
				"highway::highwayPackageTests::ProductTarget" /* highwayPackageTests */,
			);
		};
/* End PBXProject section */

/* Begin PBXSourcesBuildPhase section */
		OBJ_153 /* Sources */ = {
			isa = PBXSourcesBuildPhase;
			buildActionMask = 0;
			files = (
				OBJ_154 /* Package.swift in Sources */,
			);
			runOnlyForDeploymentPostprocessing = 0;
		};
		OBJ_159 /* Sources */ = {
			isa = PBXSourcesBuildPhase;
			buildActionMask = 0;
			files = (
				OBJ_160 /* HighwayBundleCreatorTests.swift in Sources */,
				OBJ_161 /* HomeBundleTests.swift in Sources */,
				OBJ_162 /* SwiftBuildSystem_HighwayBundleTests.swift in Sources */,
			);
			runOnlyForDeploymentPostprocessing = 0;
		};
		OBJ_183 /* Sources */ = {
			isa = PBXSourcesBuildPhase;
			buildActionMask = 0;
			files = (
				OBJ_184 /* TerminalTests.swift in Sources */,
			);
			runOnlyForDeploymentPostprocessing = 0;
		};
		OBJ_192 /* Sources */ = {
			isa = PBXSourcesBuildPhase;
			buildActionMask = 0;
			files = (
				OBJ_193 /* GitAutotagTests.swift in Sources */,
				OBJ_194 /* GitToolTests.swift in Sources */,
				OBJ_195 /* HighwayBundleTests.swift in Sources */,
				OBJ_196 /* HighwaysTests.swift in Sources */,
				OBJ_197 /* FileHandle+Convenience.swift in Sources */,
				OBJ_198 /* SwiftBuildSystemTests.swift in Sources */,
				OBJ_199 /* TaskExecutorSystemTests.swift in Sources */,
				OBJ_200 /* TaskTests.swift in Sources */,
				OBJ_201 /* XCBuildSystemTests.swift in Sources */,
				OBJ_202 /* XcodebuildTests.swift in Sources */,
				OBJ_203 /* test.swift in Sources */,
			);
			runOnlyForDeploymentPostprocessing = 0;
		};
		OBJ_216 /* Sources */ = {
			isa = PBXSourcesBuildPhase;
			buildActionMask = 0;
			files = (
				OBJ_217 /* ContextMock.swift in Sources */,
				OBJ_218 /* Data+Convenience.swift in Sources */,
				OBJ_219 /* ExecutorMock.swift in Sources */,
			);
			runOnlyForDeploymentPostprocessing = 0;
		};
		OBJ_231 /* Sources */ = {
			isa = PBXSourcesBuildPhase;
			buildActionMask = 0;
			files = (
				OBJ_232 /* AbsoluteURLTests.swift in Sources */,
				OBJ_233 /* AnchoredFileSystemTests.swift in Sources */,
				OBJ_234 /* FileSystemTest.swift in Sources */,
				OBJ_235 /* InMemoryFileSystemTests.swift in Sources */,
				OBJ_236 /* LocalFileSystemTests.swift in Sources */,
				OBJ_237 /* RelativePathTests.swift in Sources */,
			);
			runOnlyForDeploymentPostprocessing = 0;
		};
		OBJ_245 /* Sources */ = {
			isa = PBXSourcesBuildPhase;
			buildActionMask = 0;
			files = (
				OBJ_246 /* App.swift in Sources */,
				OBJ_247 /* AppHighway.swift in Sources */,
				OBJ_248 /* CurrentVersion.swift in Sources */,
				OBJ_249 /* PrivateHighway.swift in Sources */,
				OBJ_250 /* main.swift in Sources */,
			);
			runOnlyForDeploymentPostprocessing = 0;
		};
		OBJ_263 /* Sources */ = {
			isa = PBXSourcesBuildPhase;
			buildActionMask = 0;
			files = (
				OBJ_264 /* HomeBundle.swift in Sources */,
				OBJ_265 /* HomeBundleCreator.swift in Sources */,
				OBJ_266 /* Bootstraper.swift in Sources */,
				OBJ_267 /* BundleCleaner.swift in Sources */,
				OBJ_268 /* CompileAndRun.swift in Sources */,
				OBJ_269 /* HomeBundleUpdater.swift in Sources */,
				OBJ_270 /* HighwayBundleCreator.swift in Sources */,
				OBJ_271 /* InitCommand.swift in Sources */,
				OBJ_272 /* SelfUpdater.swift in Sources */,
				OBJ_273 /* SwiftBuildSystem-Bundle.swift in Sources */,
				OBJ_274 /* XCProjectGenerator.swift in Sources */,
				OBJ_275 /* HighwayGoTool.swift in Sources */,
				OBJ_276 /* gitignore_template.swift in Sources */,
				OBJ_277 /* main_swift_template.swift in Sources */,
				OBJ_278 /* package_swift_template.swift in Sources */,
				OBJ_279 /* xcconfig_template.swift in Sources */,
			);
			runOnlyForDeploymentPostprocessing = 0;
		};
		OBJ_290 /* Sources */ = {
			isa = PBXSourcesBuildPhase;
			buildActionMask = 0;
			files = (
				OBJ_291 /* HighwayBundleConfiguration.swift in Sources */,
				OBJ_292 /* Context+Convenience.swift in Sources */,
				OBJ_293 /* Context.swift in Sources */,
				OBJ_294 /* Fastlane.swift in Sources */,
				OBJ_295 /* GitAutotag.swift in Sources */,
				OBJ_296 /* GitTool.swift in Sources */,
				OBJ_297 /* Keychain.swift in Sources */,
				OBJ_298 /* SwiftBuildSystem.swift in Sources */,
				OBJ_299 /* SwiftOptions.swift in Sources */,
				OBJ_300 /* SwiftPackageTool.swift in Sources */,
				OBJ_301 /* XCBuildSystem.swift in Sources */,
				OBJ_302 /* Xcodebuild.swift in Sources */,
				OBJ_303 /* PosixConvenience.swift in Sources */,
				OBJ_304 /* Result.swift in Sources */,
				OBJ_305 /* String+Convenience.swift in Sources */,
				OBJ_306 /* Highway.swift in Sources */,
				OBJ_307 /* HighwayInvocation.swift in Sources */,
				OBJ_308 /* Highways.swift in Sources */,
				OBJ_309 /* ManagedHighway.swift in Sources */,
				OBJ_310 /* PrivateHighway.swift in Sources */,
				OBJ_311 /* RawHighway.swift in Sources */,
				OBJ_312 /* ExecutableFinder.swift in Sources */,
				OBJ_313 /* SystemExecutor.swift in Sources */,
				OBJ_314 /* Task.swift in Sources */,
				OBJ_315 /* TaskExecutor.swift in Sources */,
			);
			runOnlyForDeploymentPostprocessing = 0;
		};
		OBJ_324 /* Sources */ = {
			isa = PBXSourcesBuildPhase;
			buildActionMask = 0;
			files = (
				OBJ_325 /* FileSystem.swift in Sources */,
				OBJ_326 /* String+Error.swift in Sources */,
				OBJ_327 /* AnchoredFileSystem.swift in Sources */,
				OBJ_328 /* InMemoryFileSystem.swift in Sources */,
				OBJ_329 /* LocalFileSystem.swift in Sources */,
				OBJ_330 /* AbsoluteUrl.swift in Sources */,
				OBJ_331 /* Directory.swift in Sources */,
				OBJ_332 /* FSError.swift in Sources */,
				OBJ_333 /* File.swift in Sources */,
				OBJ_334 /* RelativePath.swift in Sources */,
			);
			runOnlyForDeploymentPostprocessing = 0;
		};
		OBJ_339 /* Sources */ = {
			isa = PBXSourcesBuildPhase;
			buildActionMask = 0;
			files = (
				OBJ_340 /* FileStream.swift in Sources */,
				OBJ_341 /* Printable.swift in Sources */,
				OBJ_342 /* Line.swift in Sources */,
				OBJ_343 /* List.swift in Sources */,
				OBJ_344 /* Prompt.swift in Sources */,
				OBJ_345 /* String+Convenience.swift in Sources */,
				OBJ_346 /* Terminal.swift in Sources */,
				OBJ_347 /* Color.swift in Sources */,
				OBJ_348 /* SubText.swift in Sources */,
				OBJ_349 /* Text.swift in Sources */,
			);
			runOnlyForDeploymentPostprocessing = 0;
		};
/* End PBXSourcesBuildPhase section */

/* Begin PBXTargetDependency section */
		OBJ_169 /* PBXTargetDependency */ = {
			isa = PBXTargetDependency;
			target = "highway::TestKit" /* TestKit */;
			targetProxy = B17702561F82DA7A00E3DAFB /* PBXContainerItemProxy */;
		};
		OBJ_171 /* PBXTargetDependency */ = {
			isa = PBXTargetDependency;
			target = "highway::HWKit" /* HWKit */;
			targetProxy = B17702571F82DA7A00E3DAFB /* PBXContainerItemProxy */;
		};
		OBJ_173 /* PBXTargetDependency */ = {
			isa = PBXTargetDependency;
			target = "highway::HighwayCore" /* HighwayCore */;
			targetProxy = B177025B1F82DA7A00E3DAFB /* PBXContainerItemProxy */;
		};
		OBJ_175 /* PBXTargetDependency */ = {
			isa = PBXTargetDependency;
			target = "highway::FSKit" /* FSKit */;
			targetProxy = B177025C1F82DA7A00E3DAFB /* PBXContainerItemProxy */;
		};
		OBJ_177 /* PBXTargetDependency */ = {
			isa = PBXTargetDependency;
			target = "highway::Terminal" /* Terminal */;
			targetProxy = B177025D1F82DA7A00E3DAFB /* PBXContainerItemProxy */;
		};
		OBJ_187 /* PBXTargetDependency */ = {
			isa = PBXTargetDependency;
			target = "highway::Terminal" /* Terminal */;
			targetProxy = B17702541F82DA7A00E3DAFB /* PBXContainerItemProxy */;
		};
		OBJ_209 /* PBXTargetDependency */ = {
			isa = PBXTargetDependency;
			target = "highway::TestKit" /* TestKit */;
			targetProxy = B177024A1F82DA7A00E3DAFB /* PBXContainerItemProxy */;
		};
		OBJ_210 /* PBXTargetDependency */ = {
			isa = PBXTargetDependency;
			target = "highway::HighwayCore" /* HighwayCore */;
			targetProxy = B17702501F82DA7A00E3DAFB /* PBXContainerItemProxy */;
		};
		OBJ_211 /* PBXTargetDependency */ = {
			isa = PBXTargetDependency;
			target = "highway::FSKit" /* FSKit */;
			targetProxy = B17702511F82DA7A00E3DAFB /* PBXContainerItemProxy */;
		};
		OBJ_212 /* PBXTargetDependency */ = {
			isa = PBXTargetDependency;
			target = "highway::Terminal" /* Terminal */;
			targetProxy = B17702521F82DA7A00E3DAFB /* PBXContainerItemProxy */;
		};
		OBJ_224 /* PBXTargetDependency */ = {
			isa = PBXTargetDependency;
			target = "highway::HighwayCore" /* HighwayCore */;
			targetProxy = B177024B1F82DA7A00E3DAFB /* PBXContainerItemProxy */;
		};
		OBJ_225 /* PBXTargetDependency */ = {
			isa = PBXTargetDependency;
			target = "highway::FSKit" /* FSKit */;
			targetProxy = B177024E1F82DA7A00E3DAFB /* PBXContainerItemProxy */;
		};
		OBJ_226 /* PBXTargetDependency */ = {
			isa = PBXTargetDependency;
			target = "highway::Terminal" /* Terminal */;
			targetProxy = B177024F1F82DA7A00E3DAFB /* PBXContainerItemProxy */;
		};
		OBJ_240 /* PBXTargetDependency */ = {
			isa = PBXTargetDependency;
			target = "highway::FSKit" /* FSKit */;
			targetProxy = B17702481F82DA7A00E3DAFB /* PBXContainerItemProxy */;
		};
		OBJ_256 /* PBXTargetDependency */ = {
			isa = PBXTargetDependency;
			target = "highway::HWKit" /* HWKit */;
			targetProxy = B177025E1F82DA7B00E3DAFB /* PBXContainerItemProxy */;
		};
		OBJ_257 /* PBXTargetDependency */ = {
			isa = PBXTargetDependency;
			target = "highway::HighwayCore" /* HighwayCore */;
			targetProxy = B177025F1F82DA7B00E3DAFB /* PBXContainerItemProxy */;
		};
		OBJ_258 /* PBXTargetDependency */ = {
			isa = PBXTargetDependency;
			target = "highway::FSKit" /* FSKit */;
			targetProxy = B17702601F82DA7B00E3DAFB /* PBXContainerItemProxy */;
		};
		OBJ_259 /* PBXTargetDependency */ = {
			isa = PBXTargetDependency;
			target = "highway::Terminal" /* Terminal */;
			targetProxy = B17702611F82DA7B00E3DAFB /* PBXContainerItemProxy */;
		};
		OBJ_284 /* PBXTargetDependency */ = {
			isa = PBXTargetDependency;
			target = "highway::HighwayCore" /* HighwayCore */;
			targetProxy = B17702581F82DA7A00E3DAFB /* PBXContainerItemProxy */;
		};
		OBJ_285 /* PBXTargetDependency */ = {
			isa = PBXTargetDependency;
			target = "highway::FSKit" /* FSKit */;
			targetProxy = B17702591F82DA7A00E3DAFB /* PBXContainerItemProxy */;
		};
		OBJ_286 /* PBXTargetDependency */ = {
			isa = PBXTargetDependency;
			target = "highway::Terminal" /* Terminal */;
			targetProxy = B177025A1F82DA7A00E3DAFB /* PBXContainerItemProxy */;
		};
		OBJ_319 /* PBXTargetDependency */ = {
			isa = PBXTargetDependency;
			target = "highway::FSKit" /* FSKit */;
			targetProxy = B177024C1F82DA7A00E3DAFB /* PBXContainerItemProxy */;
		};
		OBJ_320 /* PBXTargetDependency */ = {
			isa = PBXTargetDependency;
			target = "highway::Terminal" /* Terminal */;
			targetProxy = B177024D1F82DA7A00E3DAFB /* PBXContainerItemProxy */;
		};
		OBJ_355 /* PBXTargetDependency */ = {
			isa = PBXTargetDependency;
			target = "highway::FSKitTests" /* FSKitTests */;
			targetProxy = B17702471F82DA7A00E3DAFB /* PBXContainerItemProxy */;
		};
		OBJ_356 /* PBXTargetDependency */ = {
			isa = PBXTargetDependency;
			target = "highway::HighwayCoreTests" /* HighwayCoreTests */;
			targetProxy = B17702491F82DA7A00E3DAFB /* PBXContainerItemProxy */;
		};
		OBJ_357 /* PBXTargetDependency */ = {
			isa = PBXTargetDependency;
			target = "highway::TerminalTests" /* TerminalTests */;
			targetProxy = B17702531F82DA7A00E3DAFB /* PBXContainerItemProxy */;
		};
		OBJ_358 /* PBXTargetDependency */ = {
			isa = PBXTargetDependency;
			target = "highway::HWKitTests" /* HWKitTests */;
			targetProxy = B17702551F82DA7A00E3DAFB /* PBXContainerItemProxy */;
		};
/* End PBXTargetDependency section */

/* Begin XCBuildConfiguration section */
		OBJ_151 /* Debug */ = {
			isa = XCBuildConfiguration;
			buildSettings = {
				LD = /usr/bin/true;
				OTHER_SWIFT_FLAGS = "-swift-version 4 -I /Applications/Xcode.app/Contents/Developer/Toolchains/XcodeDefault.xctoolchain/usr/lib/swift/pm/4 -target x86_64-apple-macosx10.10 -sdk /Applications/Xcode.app/Contents/Developer/Platforms/MacOSX.platform/Developer/SDKs/MacOSX10.13.sdk";
				SWIFT_VERSION = 4.0;
			};
			name = Debug;
		};
		OBJ_152 /* Release */ = {
			isa = XCBuildConfiguration;
			buildSettings = {
				LD = /usr/bin/true;
				OTHER_SWIFT_FLAGS = "-swift-version 4 -I /Applications/Xcode.app/Contents/Developer/Toolchains/XcodeDefault.xctoolchain/usr/lib/swift/pm/4 -target x86_64-apple-macosx10.10 -sdk /Applications/Xcode.app/Contents/Developer/Platforms/MacOSX.platform/Developer/SDKs/MacOSX10.13.sdk";
				SWIFT_VERSION = 4.0;
			};
			name = Release;
		};
		OBJ_157 /* Debug */ = {
			isa = XCBuildConfiguration;
			baseConfigurationReference = OBJ_8 /* config.xcconfig */;
			buildSettings = {
				EMBEDDED_CONTENT_CONTAINS_SWIFT = YES;
				FRAMEWORK_SEARCH_PATHS = (
					"$(inherited)",
					"$(PLATFORM_DIR)/Developer/Library/Frameworks",
				);
				HEADER_SEARCH_PATHS = "$(inherited)";
				INFOPLIST_FILE = highway.xcodeproj/HWKitTests_Info.plist;
				LD_RUNPATH_SEARCH_PATHS = "@loader_path/../Frameworks @loader_path/Frameworks";
				OTHER_LDFLAGS = "$(inherited)";
				OTHER_SWIFT_FLAGS = "$(inherited)";
				SWIFT_VERSION = 4.0;
				TARGET_NAME = HWKitTests;
			};
			name = Debug;
		};
		OBJ_158 /* Release */ = {
			isa = XCBuildConfiguration;
			baseConfigurationReference = OBJ_8 /* config.xcconfig */;
			buildSettings = {
				EMBEDDED_CONTENT_CONTAINS_SWIFT = YES;
				FRAMEWORK_SEARCH_PATHS = (
					"$(inherited)",
					"$(PLATFORM_DIR)/Developer/Library/Frameworks",
				);
				HEADER_SEARCH_PATHS = "$(inherited)";
				INFOPLIST_FILE = highway.xcodeproj/HWKitTests_Info.plist;
				LD_RUNPATH_SEARCH_PATHS = "@loader_path/../Frameworks @loader_path/Frameworks";
				OTHER_LDFLAGS = "$(inherited)";
				OTHER_SWIFT_FLAGS = "$(inherited)";
				SWIFT_VERSION = 4.0;
				TARGET_NAME = HWKitTests;
			};
			name = Release;
		};
		OBJ_181 /* Debug */ = {
			isa = XCBuildConfiguration;
			baseConfigurationReference = OBJ_8 /* config.xcconfig */;
			buildSettings = {
				EMBEDDED_CONTENT_CONTAINS_SWIFT = YES;
				FRAMEWORK_SEARCH_PATHS = (
					"$(inherited)",
					"$(PLATFORM_DIR)/Developer/Library/Frameworks",
				);
				HEADER_SEARCH_PATHS = "$(inherited)";
				INFOPLIST_FILE = highway.xcodeproj/TerminalTests_Info.plist;
				LD_RUNPATH_SEARCH_PATHS = "@loader_path/../Frameworks @loader_path/Frameworks";
				OTHER_LDFLAGS = "$(inherited)";
				OTHER_SWIFT_FLAGS = "$(inherited)";
				SWIFT_VERSION = 4.0;
				TARGET_NAME = TerminalTests;
			};
			name = Debug;
		};
		OBJ_182 /* Release */ = {
			isa = XCBuildConfiguration;
			baseConfigurationReference = OBJ_8 /* config.xcconfig */;
			buildSettings = {
				EMBEDDED_CONTENT_CONTAINS_SWIFT = YES;
				FRAMEWORK_SEARCH_PATHS = (
					"$(inherited)",
					"$(PLATFORM_DIR)/Developer/Library/Frameworks",
				);
				HEADER_SEARCH_PATHS = "$(inherited)";
				INFOPLIST_FILE = highway.xcodeproj/TerminalTests_Info.plist;
				LD_RUNPATH_SEARCH_PATHS = "@loader_path/../Frameworks @loader_path/Frameworks";
				OTHER_LDFLAGS = "$(inherited)";
				OTHER_SWIFT_FLAGS = "$(inherited)";
				SWIFT_VERSION = 4.0;
				TARGET_NAME = TerminalTests;
			};
			name = Release;
		};
		OBJ_190 /* Debug */ = {
			isa = XCBuildConfiguration;
			baseConfigurationReference = OBJ_8 /* config.xcconfig */;
			buildSettings = {
				EMBEDDED_CONTENT_CONTAINS_SWIFT = YES;
				FRAMEWORK_SEARCH_PATHS = (
					"$(inherited)",
					"$(PLATFORM_DIR)/Developer/Library/Frameworks",
				);
				HEADER_SEARCH_PATHS = "$(inherited)";
				INFOPLIST_FILE = highway.xcodeproj/HighwayCoreTests_Info.plist;
				LD_RUNPATH_SEARCH_PATHS = "@loader_path/../Frameworks @loader_path/Frameworks";
				OTHER_LDFLAGS = "$(inherited)";
				OTHER_SWIFT_FLAGS = "$(inherited)";
				SWIFT_VERSION = 4.0;
				TARGET_NAME = HighwayCoreTests;
			};
			name = Debug;
		};
		OBJ_191 /* Release */ = {
			isa = XCBuildConfiguration;
			baseConfigurationReference = OBJ_8 /* config.xcconfig */;
			buildSettings = {
				EMBEDDED_CONTENT_CONTAINS_SWIFT = YES;
				FRAMEWORK_SEARCH_PATHS = (
					"$(inherited)",
					"$(PLATFORM_DIR)/Developer/Library/Frameworks",
				);
				HEADER_SEARCH_PATHS = "$(inherited)";
				INFOPLIST_FILE = highway.xcodeproj/HighwayCoreTests_Info.plist;
				LD_RUNPATH_SEARCH_PATHS = "@loader_path/../Frameworks @loader_path/Frameworks";
				OTHER_LDFLAGS = "$(inherited)";
				OTHER_SWIFT_FLAGS = "$(inherited)";
				SWIFT_VERSION = 4.0;
				TARGET_NAME = HighwayCoreTests;
			};
			name = Release;
		};
		OBJ_214 /* Debug */ = {
			isa = XCBuildConfiguration;
			baseConfigurationReference = OBJ_8 /* config.xcconfig */;
			buildSettings = {
				ENABLE_TESTABILITY = YES;
				FRAMEWORK_SEARCH_PATHS = (
					"$(inherited)",
					"$(PLATFORM_DIR)/Developer/Library/Frameworks",
				);
				HEADER_SEARCH_PATHS = "$(inherited)";
				INFOPLIST_FILE = highway.xcodeproj/TestKit_Info.plist;
				LD_RUNPATH_SEARCH_PATHS = "$(TOOLCHAIN_DIR)/usr/lib/swift/macosx";
				OTHER_LDFLAGS = "$(inherited)";
				OTHER_SWIFT_FLAGS = "$(inherited)";
				PRODUCT_BUNDLE_IDENTIFIER = TestKit;
				PRODUCT_MODULE_NAME = "$(TARGET_NAME:c99extidentifier)";
				PRODUCT_NAME = "$(TARGET_NAME:c99extidentifier)";
				SKIP_INSTALL = YES;
				SWIFT_VERSION = 4.0;
				TARGET_NAME = TestKit;
			};
			name = Debug;
		};
		OBJ_215 /* Release */ = {
			isa = XCBuildConfiguration;
			baseConfigurationReference = OBJ_8 /* config.xcconfig */;
			buildSettings = {
				ENABLE_TESTABILITY = YES;
				FRAMEWORK_SEARCH_PATHS = (
					"$(inherited)",
					"$(PLATFORM_DIR)/Developer/Library/Frameworks",
				);
				HEADER_SEARCH_PATHS = "$(inherited)";
				INFOPLIST_FILE = highway.xcodeproj/TestKit_Info.plist;
				LD_RUNPATH_SEARCH_PATHS = "$(TOOLCHAIN_DIR)/usr/lib/swift/macosx";
				OTHER_LDFLAGS = "$(inherited)";
				OTHER_SWIFT_FLAGS = "$(inherited)";
				PRODUCT_BUNDLE_IDENTIFIER = TestKit;
				PRODUCT_MODULE_NAME = "$(TARGET_NAME:c99extidentifier)";
				PRODUCT_NAME = "$(TARGET_NAME:c99extidentifier)";
				SKIP_INSTALL = YES;
				SWIFT_VERSION = 4.0;
				TARGET_NAME = TestKit;
			};
			name = Release;
		};
		OBJ_229 /* Debug */ = {
			isa = XCBuildConfiguration;
			baseConfigurationReference = OBJ_8 /* config.xcconfig */;
			buildSettings = {
				EMBEDDED_CONTENT_CONTAINS_SWIFT = YES;
				FRAMEWORK_SEARCH_PATHS = (
					"$(inherited)",
					"$(PLATFORM_DIR)/Developer/Library/Frameworks",
				);
				HEADER_SEARCH_PATHS = "$(inherited)";
				INFOPLIST_FILE = highway.xcodeproj/FSKitTests_Info.plist;
				LD_RUNPATH_SEARCH_PATHS = "@loader_path/../Frameworks @loader_path/Frameworks";
				OTHER_LDFLAGS = "$(inherited)";
				OTHER_SWIFT_FLAGS = "$(inherited)";
				SWIFT_VERSION = 4.0;
				TARGET_NAME = FSKitTests;
			};
			name = Debug;
		};
		OBJ_230 /* Release */ = {
			isa = XCBuildConfiguration;
			baseConfigurationReference = OBJ_8 /* config.xcconfig */;
			buildSettings = {
				EMBEDDED_CONTENT_CONTAINS_SWIFT = YES;
				FRAMEWORK_SEARCH_PATHS = (
					"$(inherited)",
					"$(PLATFORM_DIR)/Developer/Library/Frameworks",
				);
				HEADER_SEARCH_PATHS = "$(inherited)";
				INFOPLIST_FILE = highway.xcodeproj/FSKitTests_Info.plist;
				LD_RUNPATH_SEARCH_PATHS = "@loader_path/../Frameworks @loader_path/Frameworks";
				OTHER_LDFLAGS = "$(inherited)";
				OTHER_SWIFT_FLAGS = "$(inherited)";
				SWIFT_VERSION = 4.0;
				TARGET_NAME = FSKitTests;
			};
			name = Release;
		};
		OBJ_243 /* Debug */ = {
			isa = XCBuildConfiguration;
			baseConfigurationReference = OBJ_8 /* config.xcconfig */;
			buildSettings = {
				FRAMEWORK_SEARCH_PATHS = (
					"$(inherited)",
					"$(PLATFORM_DIR)/Developer/Library/Frameworks",
				);
				HEADER_SEARCH_PATHS = "$(inherited)";
				INFOPLIST_FILE = highway.xcodeproj/highway_Info.plist;
				LD_RUNPATH_SEARCH_PATHS = "$(TOOLCHAIN_DIR)/usr/lib/swift/macosx @executable_path";
				OTHER_LDFLAGS = "$(inherited)";
				OTHER_SWIFT_FLAGS = "$(inherited)";
				SWIFT_FORCE_DYNAMIC_LINK_STDLIB = YES;
				SWIFT_FORCE_STATIC_LINK_STDLIB = NO;
				SWIFT_VERSION = 4.0;
				TARGET_NAME = highway;
			};
			name = Debug;
		};
		OBJ_244 /* Release */ = {
			isa = XCBuildConfiguration;
			baseConfigurationReference = OBJ_8 /* config.xcconfig */;
			buildSettings = {
				FRAMEWORK_SEARCH_PATHS = (
					"$(inherited)",
					"$(PLATFORM_DIR)/Developer/Library/Frameworks",
				);
				HEADER_SEARCH_PATHS = "$(inherited)";
				INFOPLIST_FILE = highway.xcodeproj/highway_Info.plist;
				LD_RUNPATH_SEARCH_PATHS = "$(TOOLCHAIN_DIR)/usr/lib/swift/macosx @executable_path";
				OTHER_LDFLAGS = "$(inherited)";
				OTHER_SWIFT_FLAGS = "$(inherited)";
				SWIFT_FORCE_DYNAMIC_LINK_STDLIB = YES;
				SWIFT_FORCE_STATIC_LINK_STDLIB = NO;
				SWIFT_VERSION = 4.0;
				TARGET_NAME = highway;
			};
			name = Release;
		};
		OBJ_261 /* Debug */ = {
			isa = XCBuildConfiguration;
			baseConfigurationReference = OBJ_8 /* config.xcconfig */;
			buildSettings = {
				ENABLE_TESTABILITY = YES;
				FRAMEWORK_SEARCH_PATHS = (
					"$(inherited)",
					"$(PLATFORM_DIR)/Developer/Library/Frameworks",
				);
				HEADER_SEARCH_PATHS = "$(inherited)";
				INFOPLIST_FILE = highway.xcodeproj/HWKit_Info.plist;
				LD_RUNPATH_SEARCH_PATHS = "$(TOOLCHAIN_DIR)/usr/lib/swift/macosx";
				OTHER_LDFLAGS = "$(inherited)";
				OTHER_SWIFT_FLAGS = "$(inherited)";
				PRODUCT_BUNDLE_IDENTIFIER = HWKit;
				PRODUCT_MODULE_NAME = "$(TARGET_NAME:c99extidentifier)";
				PRODUCT_NAME = "$(TARGET_NAME:c99extidentifier)";
				SKIP_INSTALL = YES;
				SWIFT_VERSION = 4.0;
				TARGET_NAME = HWKit;
			};
			name = Debug;
		};
		OBJ_262 /* Release */ = {
			isa = XCBuildConfiguration;
			baseConfigurationReference = OBJ_8 /* config.xcconfig */;
			buildSettings = {
				ENABLE_TESTABILITY = YES;
				FRAMEWORK_SEARCH_PATHS = (
					"$(inherited)",
					"$(PLATFORM_DIR)/Developer/Library/Frameworks",
				);
				HEADER_SEARCH_PATHS = "$(inherited)";
				INFOPLIST_FILE = highway.xcodeproj/HWKit_Info.plist;
				LD_RUNPATH_SEARCH_PATHS = "$(TOOLCHAIN_DIR)/usr/lib/swift/macosx";
				OTHER_LDFLAGS = "$(inherited)";
				OTHER_SWIFT_FLAGS = "$(inherited)";
				PRODUCT_BUNDLE_IDENTIFIER = HWKit;
				PRODUCT_MODULE_NAME = "$(TARGET_NAME:c99extidentifier)";
				PRODUCT_NAME = "$(TARGET_NAME:c99extidentifier)";
				SKIP_INSTALL = YES;
				SWIFT_VERSION = 4.0;
				TARGET_NAME = HWKit;
			};
			name = Release;
		};
		OBJ_288 /* Debug */ = {
			isa = XCBuildConfiguration;
			baseConfigurationReference = OBJ_8 /* config.xcconfig */;
			buildSettings = {
				ENABLE_TESTABILITY = YES;
				FRAMEWORK_SEARCH_PATHS = (
					"$(inherited)",
					"$(PLATFORM_DIR)/Developer/Library/Frameworks",
				);
				HEADER_SEARCH_PATHS = "$(inherited)";
				INFOPLIST_FILE = highway.xcodeproj/HighwayCore_Info.plist;
				LD_RUNPATH_SEARCH_PATHS = "$(TOOLCHAIN_DIR)/usr/lib/swift/macosx";
				OTHER_LDFLAGS = "$(inherited)";
				OTHER_SWIFT_FLAGS = "$(inherited)";
				PRODUCT_BUNDLE_IDENTIFIER = HighwayCore;
				PRODUCT_MODULE_NAME = "$(TARGET_NAME:c99extidentifier)";
				PRODUCT_NAME = "$(TARGET_NAME:c99extidentifier)";
				SKIP_INSTALL = YES;
				SWIFT_VERSION = 4.0;
				TARGET_NAME = HighwayCore;
			};
			name = Debug;
		};
		OBJ_289 /* Release */ = {
			isa = XCBuildConfiguration;
			baseConfigurationReference = OBJ_8 /* config.xcconfig */;
			buildSettings = {
				ENABLE_TESTABILITY = YES;
				FRAMEWORK_SEARCH_PATHS = (
					"$(inherited)",
					"$(PLATFORM_DIR)/Developer/Library/Frameworks",
				);
				HEADER_SEARCH_PATHS = "$(inherited)";
				INFOPLIST_FILE = highway.xcodeproj/HighwayCore_Info.plist;
				LD_RUNPATH_SEARCH_PATHS = "$(TOOLCHAIN_DIR)/usr/lib/swift/macosx";
				OTHER_LDFLAGS = "$(inherited)";
				OTHER_SWIFT_FLAGS = "$(inherited)";
				PRODUCT_BUNDLE_IDENTIFIER = HighwayCore;
				PRODUCT_MODULE_NAME = "$(TARGET_NAME:c99extidentifier)";
				PRODUCT_NAME = "$(TARGET_NAME:c99extidentifier)";
				SKIP_INSTALL = YES;
				SWIFT_VERSION = 4.0;
				TARGET_NAME = HighwayCore;
			};
			name = Release;
		};
		OBJ_3 /* Debug */ = {
			isa = XCBuildConfiguration;
			buildSettings = {
				CLANG_ENABLE_OBJC_ARC = YES;
				COMBINE_HIDPI_IMAGES = YES;
				COPY_PHASE_STRIP = NO;
				DEBUG_INFORMATION_FORMAT = dwarf;
				DYLIB_INSTALL_NAME_BASE = "@rpath";
				ENABLE_NS_ASSERTIONS = YES;
				GCC_OPTIMIZATION_LEVEL = 0;
				MACOSX_DEPLOYMENT_TARGET = 10.10;
				ONLY_ACTIVE_ARCH = YES;
				OTHER_SWIFT_FLAGS = "-DXcode";
				PRODUCT_NAME = "$(TARGET_NAME)";
				SDKROOT = macosx;
				SUPPORTED_PLATFORMS = "macosx iphoneos iphonesimulator appletvos appletvsimulator watchos watchsimulator";
				SWIFT_ACTIVE_COMPILATION_CONDITIONS = SWIFT_PACKAGE;
				SWIFT_OPTIMIZATION_LEVEL = "-Onone";
				USE_HEADERMAP = NO;
			};
			name = Debug;
		};
		OBJ_322 /* Debug */ = {
			isa = XCBuildConfiguration;
			baseConfigurationReference = OBJ_8 /* config.xcconfig */;
			buildSettings = {
				ENABLE_TESTABILITY = YES;
				FRAMEWORK_SEARCH_PATHS = (
					"$(inherited)",
					"$(PLATFORM_DIR)/Developer/Library/Frameworks",
				);
				HEADER_SEARCH_PATHS = "$(inherited)";
				INFOPLIST_FILE = highway.xcodeproj/FSKit_Info.plist;
				LD_RUNPATH_SEARCH_PATHS = "$(TOOLCHAIN_DIR)/usr/lib/swift/macosx";
				OTHER_LDFLAGS = "$(inherited)";
				OTHER_SWIFT_FLAGS = "$(inherited)";
				PRODUCT_BUNDLE_IDENTIFIER = FSKit;
				PRODUCT_MODULE_NAME = "$(TARGET_NAME:c99extidentifier)";
				PRODUCT_NAME = "$(TARGET_NAME:c99extidentifier)";
				SKIP_INSTALL = YES;
				SWIFT_VERSION = 4.0;
				TARGET_NAME = FSKit;
			};
			name = Debug;
		};
		OBJ_323 /* Release */ = {
			isa = XCBuildConfiguration;
			baseConfigurationReference = OBJ_8 /* config.xcconfig */;
			buildSettings = {
				ENABLE_TESTABILITY = YES;
				FRAMEWORK_SEARCH_PATHS = (
					"$(inherited)",
					"$(PLATFORM_DIR)/Developer/Library/Frameworks",
				);
				HEADER_SEARCH_PATHS = "$(inherited)";
				INFOPLIST_FILE = highway.xcodeproj/FSKit_Info.plist;
				LD_RUNPATH_SEARCH_PATHS = "$(TOOLCHAIN_DIR)/usr/lib/swift/macosx";
				OTHER_LDFLAGS = "$(inherited)";
				OTHER_SWIFT_FLAGS = "$(inherited)";
				PRODUCT_BUNDLE_IDENTIFIER = FSKit;
				PRODUCT_MODULE_NAME = "$(TARGET_NAME:c99extidentifier)";
				PRODUCT_NAME = "$(TARGET_NAME:c99extidentifier)";
				SKIP_INSTALL = YES;
				SWIFT_VERSION = 4.0;
				TARGET_NAME = FSKit;
			};
			name = Release;
		};
		OBJ_337 /* Debug */ = {
			isa = XCBuildConfiguration;
			baseConfigurationReference = OBJ_8 /* config.xcconfig */;
			buildSettings = {
				ENABLE_TESTABILITY = YES;
				FRAMEWORK_SEARCH_PATHS = (
					"$(inherited)",
					"$(PLATFORM_DIR)/Developer/Library/Frameworks",
				);
				HEADER_SEARCH_PATHS = "$(inherited)";
				INFOPLIST_FILE = highway.xcodeproj/Terminal_Info.plist;
				LD_RUNPATH_SEARCH_PATHS = "$(TOOLCHAIN_DIR)/usr/lib/swift/macosx";
				OTHER_LDFLAGS = "$(inherited)";
				OTHER_SWIFT_FLAGS = "$(inherited)";
				PRODUCT_BUNDLE_IDENTIFIER = Terminal;
				PRODUCT_MODULE_NAME = "$(TARGET_NAME:c99extidentifier)";
				PRODUCT_NAME = "$(TARGET_NAME:c99extidentifier)";
				SKIP_INSTALL = YES;
				SWIFT_VERSION = 4.0;
				TARGET_NAME = Terminal;
			};
			name = Debug;
		};
		OBJ_338 /* Release */ = {
			isa = XCBuildConfiguration;
			baseConfigurationReference = OBJ_8 /* config.xcconfig */;
			buildSettings = {
				ENABLE_TESTABILITY = YES;
				FRAMEWORK_SEARCH_PATHS = (
					"$(inherited)",
					"$(PLATFORM_DIR)/Developer/Library/Frameworks",
				);
				HEADER_SEARCH_PATHS = "$(inherited)";
				INFOPLIST_FILE = highway.xcodeproj/Terminal_Info.plist;
				LD_RUNPATH_SEARCH_PATHS = "$(TOOLCHAIN_DIR)/usr/lib/swift/macosx";
				OTHER_LDFLAGS = "$(inherited)";
				OTHER_SWIFT_FLAGS = "$(inherited)";
				PRODUCT_BUNDLE_IDENTIFIER = Terminal;
				PRODUCT_MODULE_NAME = "$(TARGET_NAME:c99extidentifier)";
				PRODUCT_NAME = "$(TARGET_NAME:c99extidentifier)";
				SKIP_INSTALL = YES;
				SWIFT_VERSION = 4.0;
				TARGET_NAME = Terminal;
			};
			name = Release;
		};
		OBJ_353 /* Debug */ = {
			isa = XCBuildConfiguration;
			buildSettings = {
			};
			name = Debug;
		};
		OBJ_354 /* Release */ = {
			isa = XCBuildConfiguration;
			buildSettings = {
			};
			name = Release;
		};
		OBJ_4 /* Release */ = {
			isa = XCBuildConfiguration;
			buildSettings = {
				CLANG_ENABLE_OBJC_ARC = YES;
				COMBINE_HIDPI_IMAGES = YES;
				COPY_PHASE_STRIP = YES;
				DEBUG_INFORMATION_FORMAT = "dwarf-with-dsym";
				DYLIB_INSTALL_NAME_BASE = "@rpath";
				GCC_OPTIMIZATION_LEVEL = s;
				MACOSX_DEPLOYMENT_TARGET = 10.10;
				OTHER_SWIFT_FLAGS = "-DXcode";
				PRODUCT_NAME = "$(TARGET_NAME)";
				SDKROOT = macosx;
				SUPPORTED_PLATFORMS = "macosx iphoneos iphonesimulator appletvos appletvsimulator watchos watchsimulator";
				SWIFT_ACTIVE_COMPILATION_CONDITIONS = SWIFT_PACKAGE;
				SWIFT_OPTIMIZATION_LEVEL = "-Owholemodule";
				USE_HEADERMAP = NO;
			};
			name = Release;
		};
/* End XCBuildConfiguration section */

/* Begin XCConfigurationList section */
		OBJ_150 /* Build configuration list for PBXNativeTarget "highwayPackageDescription" */ = {
			isa = XCConfigurationList;
			buildConfigurations = (
				OBJ_151 /* Debug */,
				OBJ_152 /* Release */,
			);
			defaultConfigurationIsVisible = 0;
			defaultConfigurationName = Debug;
		};
		OBJ_156 /* Build configuration list for PBXNativeTarget "HWKitTests" */ = {
			isa = XCConfigurationList;
			buildConfigurations = (
				OBJ_157 /* Debug */,
				OBJ_158 /* Release */,
			);
			defaultConfigurationIsVisible = 0;
			defaultConfigurationName = Debug;
		};
		OBJ_180 /* Build configuration list for PBXNativeTarget "TerminalTests" */ = {
			isa = XCConfigurationList;
			buildConfigurations = (
				OBJ_181 /* Debug */,
				OBJ_182 /* Release */,
			);
			defaultConfigurationIsVisible = 0;
			defaultConfigurationName = Debug;
		};
		OBJ_189 /* Build configuration list for PBXNativeTarget "HighwayCoreTests" */ = {
			isa = XCConfigurationList;
			buildConfigurations = (
				OBJ_190 /* Debug */,
				OBJ_191 /* Release */,
			);
			defaultConfigurationIsVisible = 0;
			defaultConfigurationName = Debug;
		};
		OBJ_2 /* Build configuration list for PBXProject "highway" */ = {
			isa = XCConfigurationList;
			buildConfigurations = (
				OBJ_3 /* Debug */,
				OBJ_4 /* Release */,
			);
			defaultConfigurationIsVisible = 0;
			defaultConfigurationName = Debug;
		};
		OBJ_213 /* Build configuration list for PBXNativeTarget "TestKit" */ = {
			isa = XCConfigurationList;
			buildConfigurations = (
				OBJ_214 /* Debug */,
				OBJ_215 /* Release */,
			);
			defaultConfigurationIsVisible = 0;
			defaultConfigurationName = Debug;
		};
		OBJ_228 /* Build configuration list for PBXNativeTarget "FSKitTests" */ = {
			isa = XCConfigurationList;
			buildConfigurations = (
				OBJ_229 /* Debug */,
				OBJ_230 /* Release */,
			);
			defaultConfigurationIsVisible = 0;
			defaultConfigurationName = Debug;
		};
		OBJ_242 /* Build configuration list for PBXNativeTarget "highway" */ = {
			isa = XCConfigurationList;
			buildConfigurations = (
				OBJ_243 /* Debug */,
				OBJ_244 /* Release */,
			);
			defaultConfigurationIsVisible = 0;
			defaultConfigurationName = Debug;
		};
		OBJ_260 /* Build configuration list for PBXNativeTarget "HWKit" */ = {
			isa = XCConfigurationList;
			buildConfigurations = (
				OBJ_261 /* Debug */,
				OBJ_262 /* Release */,
			);
			defaultConfigurationIsVisible = 0;
			defaultConfigurationName = Debug;
		};
		OBJ_287 /* Build configuration list for PBXNativeTarget "HighwayCore" */ = {
			isa = XCConfigurationList;
			buildConfigurations = (
				OBJ_288 /* Debug */,
				OBJ_289 /* Release */,
			);
			defaultConfigurationIsVisible = 0;
			defaultConfigurationName = Debug;
		};
		OBJ_321 /* Build configuration list for PBXNativeTarget "FSKit" */ = {
			isa = XCConfigurationList;
			buildConfigurations = (
				OBJ_322 /* Debug */,
				OBJ_323 /* Release */,
			);
			defaultConfigurationIsVisible = 0;
			defaultConfigurationName = Debug;
		};
		OBJ_336 /* Build configuration list for PBXNativeTarget "Terminal" */ = {
			isa = XCConfigurationList;
			buildConfigurations = (
				OBJ_337 /* Debug */,
				OBJ_338 /* Release */,
			);
			defaultConfigurationIsVisible = 0;
			defaultConfigurationName = Debug;
		};
		OBJ_352 /* Build configuration list for PBXAggregateTarget "highwayPackageTests" */ = {
			isa = XCConfigurationList;
			buildConfigurations = (
				OBJ_353 /* Debug */,
				OBJ_354 /* Release */,
			);
			defaultConfigurationIsVisible = 0;
			defaultConfigurationName = Debug;
		};
/* End XCConfigurationList section */
	};
	rootObject = OBJ_1 /* Project object */;
}
